// !$*UTF8*$!
{
	archiveVersion = 1;
	classes = {
	};
	objectVersion = 46;
	objects = {

/* Begin PBXBuildFile section */
		4B28FAF61FB3007B003E7693 /* AppDelegate.swift in Sources */ = {isa = PBXBuildFile; fileRef = 4B28FAF51FB3007B003E7693 /* AppDelegate.swift */; };
		4B28FAF81FB3007B003E7693 /* ViewController.swift in Sources */ = {isa = PBXBuildFile; fileRef = 4B28FAF71FB3007B003E7693 /* ViewController.swift */; };
		4B28FAFB1FB3007B003E7693 /* Main.storyboard in Resources */ = {isa = PBXBuildFile; fileRef = 4B28FAF91FB3007B003E7693 /* Main.storyboard */; };
		4B28FAFD1FB3007B003E7693 /* Assets.xcassets in Resources */ = {isa = PBXBuildFile; fileRef = 4B28FAFC1FB3007B003E7693 /* Assets.xcassets */; };
		4B28FB001FB3007B003E7693 /* LaunchScreen.storyboard in Resources */ = {isa = PBXBuildFile; fileRef = 4B28FAFE1FB3007B003E7693 /* LaunchScreen.storyboard */; };
		4B28FB0B1FB30440003E7693 /* Message.pb.cc in Sources */ = {isa = PBXBuildFile; fileRef = 4B28FB091FB30440003E7693 /* Message.pb.cc */; };
		4BF9C9E71FB3072A00350B97 /* libProtocolBuffer.a in Frameworks */ = {isa = PBXBuildFile; fileRef = 4B8D4FBD1D45E3E8005BE82A /* libProtocolBuffer.a */; };
		4BF9C9EA1FB3081100350B97 /* libstdc++.tbd in Frameworks */ = {isa = PBXBuildFile; fileRef = 4BF9C9E91FB3081100350B97 /* libstdc++.tbd */; };
		4BF9D49A1FB32FD300350B97 /* any.cc in Sources */ = {isa = PBXBuildFile; fileRef = 4BF9D3C31FB32FD300350B97 /* any.cc */; };
		4BF9D49D1FB32FD300350B97 /* any.pb.cc in Sources */ = {isa = PBXBuildFile; fileRef = 4BF9D3C51FB32FD300350B97 /* any.pb.cc */; };
		4BF9D4A11FB32FD300350B97 /* arena.cc in Sources */ = {isa = PBXBuildFile; fileRef = 4BF9D3C81FB32FD300350B97 /* arena.cc */; };
		4BF9D4A41FB32FD300350B97 /* arenastring.cc in Sources */ = {isa = PBXBuildFile; fileRef = 4BF9D3CA1FB32FD300350B97 /* arenastring.cc */; };
		4BF9D4A71FB32FD300350B97 /* descriptor.cc in Sources */ = {isa = PBXBuildFile; fileRef = 4BF9D3CC1FB32FD300350B97 /* descriptor.cc */; };
		4BF9D4AA1FB32FD300350B97 /* descriptor.pb.cc in Sources */ = {isa = PBXBuildFile; fileRef = 4BF9D3CE1FB32FD300350B97 /* descriptor.pb.cc */; };
		4BF9D4AE1FB32FD300350B97 /* descriptor_database.cc in Sources */ = {isa = PBXBuildFile; fileRef = 4BF9D3D11FB32FD300350B97 /* descriptor_database.cc */; };
		4BF9D4B11FB32FD300350B97 /* duration.pb.cc in Sources */ = {isa = PBXBuildFile; fileRef = 4BF9D3D31FB32FD300350B97 /* duration.pb.cc */; };
		4BF9D4B51FB32FD300350B97 /* dynamic_message.cc in Sources */ = {isa = PBXBuildFile; fileRef = 4BF9D3D61FB32FD300350B97 /* dynamic_message.cc */; };
		4BF9D4B81FB32FD300350B97 /* empty.pb.cc in Sources */ = {isa = PBXBuildFile; fileRef = 4BF9D3D81FB32FD300350B97 /* empty.pb.cc */; };
		4BF9D4BC1FB32FD300350B97 /* extension_set.cc in Sources */ = {isa = PBXBuildFile; fileRef = 4BF9D3DB1FB32FD300350B97 /* extension_set.cc */; };
		4BF9D4BF1FB32FD300350B97 /* extension_set_heavy.cc in Sources */ = {isa = PBXBuildFile; fileRef = 4BF9D3DD1FB32FD300350B97 /* extension_set_heavy.cc */; };
		4BF9D4C11FB32FD300350B97 /* field_mask.pb.cc in Sources */ = {isa = PBXBuildFile; fileRef = 4BF9D3DE1FB32FD300350B97 /* field_mask.pb.cc */; };
		4BF9D4C71FB32FD300350B97 /* generated_message_reflection.cc in Sources */ = {isa = PBXBuildFile; fileRef = 4BF9D3E31FB32FD300350B97 /* generated_message_reflection.cc */; };
		4BF9D4CA1FB32FD300350B97 /* generated_message_table_driven.cc in Sources */ = {isa = PBXBuildFile; fileRef = 4BF9D3E51FB32FD300350B97 /* generated_message_table_driven.cc */; };
		4BF9D4CD1FB32FD300350B97 /* generated_message_util.cc in Sources */ = {isa = PBXBuildFile; fileRef = 4BF9D3E71FB32FD300350B97 /* generated_message_util.cc */; };
		4BF9D4D11FB32FD300350B97 /* coded_stream.cc in Sources */ = {isa = PBXBuildFile; fileRef = 4BF9D3EB1FB32FD300350B97 /* coded_stream.cc */; };
		4BF9D4D51FB32FD300350B97 /* gzip_stream.cc in Sources */ = {isa = PBXBuildFile; fileRef = 4BF9D3EE1FB32FD300350B97 /* gzip_stream.cc */; };
		4BF9D4D91FB32FD300350B97 /* printer.cc in Sources */ = {isa = PBXBuildFile; fileRef = 4BF9D3F11FB32FD300350B97 /* printer.cc */; };
		4BF9D4DC1FB32FD300350B97 /* strtod.cc in Sources */ = {isa = PBXBuildFile; fileRef = 4BF9D3F31FB32FD300350B97 /* strtod.cc */; };
		4BF9D4DF1FB32FD300350B97 /* tokenizer.cc in Sources */ = {isa = PBXBuildFile; fileRef = 4BF9D3F51FB32FD300350B97 /* tokenizer.cc */; };
		4BF9D4E21FB32FD300350B97 /* zero_copy_stream.cc in Sources */ = {isa = PBXBuildFile; fileRef = 4BF9D3F71FB32FD300350B97 /* zero_copy_stream.cc */; };
		4BF9D4E51FB32FD300350B97 /* zero_copy_stream_impl.cc in Sources */ = {isa = PBXBuildFile; fileRef = 4BF9D3F91FB32FD300350B97 /* zero_copy_stream_impl.cc */; };
		4BF9D4E81FB32FD300350B97 /* zero_copy_stream_impl_lite.cc in Sources */ = {isa = PBXBuildFile; fileRef = 4BF9D3FB1FB32FD300350B97 /* zero_copy_stream_impl_lite.cc */; };
		4BF9D4EE1FB32FD300350B97 /* map_field.cc in Sources */ = {isa = PBXBuildFile; fileRef = 4BF9D4001FB32FD300350B97 /* map_field.cc */; };
		4BF9D4F41FB32FD300350B97 /* message.cc in Sources */ = {isa = PBXBuildFile; fileRef = 4BF9D4051FB32FD300350B97 /* message.cc */; };
		4BF9D4F71FB32FD300350B97 /* message_lite.cc in Sources */ = {isa = PBXBuildFile; fileRef = 4BF9D4071FB32FD300350B97 /* message_lite.cc */; };
		4BF9D4FF1FB32FD300350B97 /* reflection_ops.cc in Sources */ = {isa = PBXBuildFile; fileRef = 4BF9D40E1FB32FD300350B97 /* reflection_ops.cc */; };
		4BF9D5021FB32FD300350B97 /* repeated_field.cc in Sources */ = {isa = PBXBuildFile; fileRef = 4BF9D4101FB32FD300350B97 /* repeated_field.cc */; };
		4BF9D5051FB32FD300350B97 /* service.cc in Sources */ = {isa = PBXBuildFile; fileRef = 4BF9D4121FB32FD300350B97 /* service.cc */; };
		4BF9D5081FB32FD300350B97 /* source_context.pb.cc in Sources */ = {isa = PBXBuildFile; fileRef = 4BF9D4141FB32FD300350B97 /* source_context.pb.cc */; };
		4BF9D50C1FB32FD300350B97 /* struct.pb.cc in Sources */ = {isa = PBXBuildFile; fileRef = 4BF9D4171FB32FD300350B97 /* struct.pb.cc */; };
		4BF9D51D1FB32FD300350B97 /* atomicops_internals_x86_gcc.cc in Sources */ = {isa = PBXBuildFile; fileRef = 4BF9D4281FB32FD300350B97 /* atomicops_internals_x86_gcc.cc */; };
		4BF9D5201FB32FD300350B97 /* atomicops_internals_x86_msvc.cc in Sources */ = {isa = PBXBuildFile; fileRef = 4BF9D42A1FB32FD300350B97 /* atomicops_internals_x86_msvc.cc */; };
		4BF9D5231FB32FD300350B97 /* bytestream.cc in Sources */ = {isa = PBXBuildFile; fileRef = 4BF9D42C1FB32FD300350B97 /* bytestream.cc */; };
		4BF9D5281FB32FD300350B97 /* common.cc in Sources */ = {isa = PBXBuildFile; fileRef = 4BF9D4301FB32FD300350B97 /* common.cc */; };
		4BF9D52D1FB32FD300350B97 /* int128.cc in Sources */ = {isa = PBXBuildFile; fileRef = 4BF9D4341FB32FD300350B97 /* int128.cc */; };
		4BF9D5331FB32FD300350B97 /* mathlimits.cc in Sources */ = {isa = PBXBuildFile; fileRef = 4BF9D4391FB32FD300350B97 /* mathlimits.cc */; };
		4BF9D5381FB32FD300350B97 /* once.cc in Sources */ = {isa = PBXBuildFile; fileRef = 4BF9D43D1FB32FD300350B97 /* once.cc */; };
		4BF9D5401FB32FD300350B97 /* status.cc in Sources */ = {isa = PBXBuildFile; fileRef = 4BF9D4441FB32FD300350B97 /* status.cc */; };
		4BF9D5441FB32FD300350B97 /* statusor.cc in Sources */ = {isa = PBXBuildFile; fileRef = 4BF9D4471FB32FD300350B97 /* statusor.cc */; };
		4BF9D5481FB32FD300350B97 /* stringpiece.cc in Sources */ = {isa = PBXBuildFile; fileRef = 4BF9D44A1FB32FD300350B97 /* stringpiece.cc */; };
		4BF9D54B1FB32FD300350B97 /* stringprintf.cc in Sources */ = {isa = PBXBuildFile; fileRef = 4BF9D44C1FB32FD300350B97 /* stringprintf.cc */; };
		4BF9D54E1FB32FD300350B97 /* structurally_valid.cc in Sources */ = {isa = PBXBuildFile; fileRef = 4BF9D44E1FB32FD300350B97 /* structurally_valid.cc */; };
		4BF9D5501FB32FD300350B97 /* strutil.cc in Sources */ = {isa = PBXBuildFile; fileRef = 4BF9D44F1FB32FD300350B97 /* strutil.cc */; };
		4BF9D5531FB32FD300350B97 /* substitute.cc in Sources */ = {isa = PBXBuildFile; fileRef = 4BF9D4511FB32FD300350B97 /* substitute.cc */; };
		4BF9D5571FB32FD300350B97 /* time.cc in Sources */ = {isa = PBXBuildFile; fileRef = 4BF9D4541FB32FD300350B97 /* time.cc */; };
		4BF9D55B1FB32FD300350B97 /* text_format.cc in Sources */ = {isa = PBXBuildFile; fileRef = 4BF9D4571FB32FD300350B97 /* text_format.cc */; };
		4BF9D55E1FB32FD300350B97 /* timestamp.pb.cc in Sources */ = {isa = PBXBuildFile; fileRef = 4BF9D4591FB32FD300350B97 /* timestamp.pb.cc */; };
		4BF9D5621FB32FD300350B97 /* type.pb.cc in Sources */ = {isa = PBXBuildFile; fileRef = 4BF9D45C1FB32FD300350B97 /* type.pb.cc */; };
		4BF9D5661FB32FD300350B97 /* unknown_field_set.cc in Sources */ = {isa = PBXBuildFile; fileRef = 4BF9D45F1FB32FD300350B97 /* unknown_field_set.cc */; };
		4BF9D5691FB32FD300350B97 /* delimited_message_util.cc in Sources */ = {isa = PBXBuildFile; fileRef = 4BF9D4621FB32FD300350B97 /* delimited_message_util.cc */; };
		4BF9D56C1FB32FD300350B97 /* field_comparator.cc in Sources */ = {isa = PBXBuildFile; fileRef = 4BF9D4641FB32FD300350B97 /* field_comparator.cc */; };
		4BF9D56F1FB32FD300350B97 /* field_mask_util.cc in Sources */ = {isa = PBXBuildFile; fileRef = 4BF9D4661FB32FD300350B97 /* field_mask_util.cc */; };
		4BF9D5731FB32FD300350B97 /* datapiece.cc in Sources */ = {isa = PBXBuildFile; fileRef = 4BF9D46A1FB32FD300350B97 /* datapiece.cc */; };
		4BF9D5761FB32FD300350B97 /* default_value_objectwriter.cc in Sources */ = {isa = PBXBuildFile; fileRef = 4BF9D46C1FB32FD300350B97 /* default_value_objectwriter.cc */; };
		4BF9D5791FB32FD300350B97 /* error_listener.cc in Sources */ = {isa = PBXBuildFile; fileRef = 4BF9D46E1FB32FD300350B97 /* error_listener.cc */; };
		4BF9D57C1FB32FD300350B97 /* field_mask_utility.cc in Sources */ = {isa = PBXBuildFile; fileRef = 4BF9D4701FB32FD300350B97 /* field_mask_utility.cc */; };
		4BF9D57F1FB32FD300350B97 /* json_escaping.cc in Sources */ = {isa = PBXBuildFile; fileRef = 4BF9D4721FB32FD300350B97 /* json_escaping.cc */; };
		4BF9D5821FB32FD300350B97 /* json_objectwriter.cc in Sources */ = {isa = PBXBuildFile; fileRef = 4BF9D4741FB32FD300350B97 /* json_objectwriter.cc */; };
		4BF9D5851FB32FD300350B97 /* json_stream_parser.cc in Sources */ = {isa = PBXBuildFile; fileRef = 4BF9D4761FB32FD300350B97 /* json_stream_parser.cc */; };
		4BF9D58B1FB32FD300350B97 /* object_writer.cc in Sources */ = {isa = PBXBuildFile; fileRef = 4BF9D47B1FB32FD300350B97 /* object_writer.cc */; };
		4BF9D58E1FB32FD300350B97 /* proto_writer.cc in Sources */ = {isa = PBXBuildFile; fileRef = 4BF9D47D1FB32FD300350B97 /* proto_writer.cc */; };
		4BF9D5911FB32FD300350B97 /* protostream_objectsource.cc in Sources */ = {isa = PBXBuildFile; fileRef = 4BF9D47F1FB32FD300350B97 /* protostream_objectsource.cc */; };
		4BF9D5941FB32FD300350B97 /* protostream_objectwriter.cc in Sources */ = {isa = PBXBuildFile; fileRef = 4BF9D4811FB32FD300350B97 /* protostream_objectwriter.cc */; };
		4BF9D5981FB32FD300350B97 /* type_info.cc in Sources */ = {isa = PBXBuildFile; fileRef = 4BF9D4841FB32FD300350B97 /* type_info.cc */; };
		4BF9D59B1FB32FD300350B97 /* utility.cc in Sources */ = {isa = PBXBuildFile; fileRef = 4BF9D4861FB32FD300350B97 /* utility.cc */; };
		4BF9D59E1FB32FD300350B97 /* json_util.cc in Sources */ = {isa = PBXBuildFile; fileRef = 4BF9D4881FB32FD300350B97 /* json_util.cc */; };
		4BF9D5A11FB32FD300350B97 /* message_differencer.cc in Sources */ = {isa = PBXBuildFile; fileRef = 4BF9D48A1FB32FD300350B97 /* message_differencer.cc */; };
		4BF9D5A51FB32FD300350B97 /* time_util.cc in Sources */ = {isa = PBXBuildFile; fileRef = 4BF9D48D1FB32FD300350B97 /* time_util.cc */; };
		4BF9D5A91FB32FD300350B97 /* type_resolver_util.cc in Sources */ = {isa = PBXBuildFile; fileRef = 4BF9D4901FB32FD300350B97 /* type_resolver_util.cc */; };
		4BF9D5AC1FB32FD300350B97 /* wire_format.cc in Sources */ = {isa = PBXBuildFile; fileRef = 4BF9D4921FB32FD300350B97 /* wire_format.cc */; };
		4BF9D5AF1FB32FD300350B97 /* wire_format_lite.cc in Sources */ = {isa = PBXBuildFile; fileRef = 4BF9D4941FB32FD300350B97 /* wire_format_lite.cc */; };
		4BF9D5B31FB32FD300350B97 /* wrappers.pb.cc in Sources */ = {isa = PBXBuildFile; fileRef = 4BF9D4971FB32FD300350B97 /* wrappers.pb.cc */; };
/* End PBXBuildFile section */

/* Begin PBXContainerItemProxy section */
		4BF9C9EB1FB30A3B00350B97 /* PBXContainerItemProxy */ = {
			isa = PBXContainerItemProxy;
			containerPortal = 4B8D4FB51D45E3E8005BE82A /* Project object */;
			proxyType = 1;
			remoteGlobalIDString = 4B8D4FBC1D45E3E8005BE82A;
			remoteInfo = ProtocolBuffer;
		};
/* End PBXContainerItemProxy section */

/* Begin PBXCopyFilesBuildPhase section */
		4B8D4FBB1D45E3E8005BE82A /* CopyFiles */ = {
			isa = PBXCopyFilesBuildPhase;
			buildActionMask = 2147483647;
			dstPath = "include/$(PRODUCT_NAME)";
			dstSubfolderSpec = 16;
			files = (
			);
			runOnlyForDeploymentPostprocessing = 0;
		};
		4BF9D0CE1FB32C2700350B97 /* Embed Frameworks */ = {
			isa = PBXCopyFilesBuildPhase;
			buildActionMask = 2147483647;
			dstPath = "";
			dstSubfolderSpec = 10;
			files = (
			);
			name = "Embed Frameworks";
			runOnlyForDeploymentPostprocessing = 0;
		};
/* End PBXCopyFilesBuildPhase section */

/* Begin PBXFileReference section */
		4B28FAED1FB2FBD9003E7693 /* Message.proto */ = {isa = PBXFileReference; fileEncoding = 4; lastKnownFileType = text; path = Message.proto; sourceTree = "<group>"; };
		4B28FAF31FB3007B003E7693 /* Test.app */ = {isa = PBXFileReference; explicitFileType = wrapper.application; includeInIndex = 0; path = Test.app; sourceTree = BUILT_PRODUCTS_DIR; };
		4B28FAF51FB3007B003E7693 /* AppDelegate.swift */ = {isa = PBXFileReference; lastKnownFileType = sourcecode.swift; path = AppDelegate.swift; sourceTree = "<group>"; };
		4B28FAF71FB3007B003E7693 /* ViewController.swift */ = {isa = PBXFileReference; lastKnownFileType = sourcecode.swift; path = ViewController.swift; sourceTree = "<group>"; };
		4B28FAFA1FB3007B003E7693 /* Base */ = {isa = PBXFileReference; lastKnownFileType = file.storyboard; name = Base; path = Base.lproj/Main.storyboard; sourceTree = "<group>"; };
		4B28FAFC1FB3007B003E7693 /* Assets.xcassets */ = {isa = PBXFileReference; lastKnownFileType = folder.assetcatalog; path = Assets.xcassets; sourceTree = "<group>"; };
		4B28FAFF1FB3007B003E7693 /* Base */ = {isa = PBXFileReference; lastKnownFileType = file.storyboard; name = Base; path = Base.lproj/LaunchScreen.storyboard; sourceTree = "<group>"; };
		4B28FB011FB3007B003E7693 /* Info.plist */ = {isa = PBXFileReference; lastKnownFileType = text.plist.xml; path = Info.plist; sourceTree = "<group>"; };
		4B28FB071FB30177003E7693 /* BridgeFile.h */ = {isa = PBXFileReference; lastKnownFileType = sourcecode.c.h; path = BridgeFile.h; sourceTree = "<group>"; };
		4B28FB081FB302E5003E7693 /* makeProto.sh */ = {isa = PBXFileReference; lastKnownFileType = text.script.sh; path = makeProto.sh; sourceTree = "<group>"; };
		4B28FB091FB30440003E7693 /* Message.pb.cc */ = {isa = PBXFileReference; fileEncoding = 4; lastKnownFileType = sourcecode.cpp.cpp; path = Message.pb.cc; sourceTree = "<group>"; };
		4B28FB0A1FB30440003E7693 /* Message.pb.h */ = {isa = PBXFileReference; fileEncoding = 4; lastKnownFileType = sourcecode.c.h; path = Message.pb.h; sourceTree = "<group>"; };
		4B8D4FBD1D45E3E8005BE82A /* libProtocolBuffer.a */ = {isa = PBXFileReference; explicitFileType = archive.ar; includeInIndex = 0; path = libProtocolBuffer.a; sourceTree = BUILT_PRODUCTS_DIR; };
		4BF9C9E91FB3081100350B97 /* libstdc++.tbd */ = {isa = PBXFileReference; lastKnownFileType = "sourcecode.text-based-dylib-definition"; name = "libstdc++.tbd"; path = "usr/lib/libstdc++.tbd"; sourceTree = SDKROOT; };
		4BF9D3C31FB32FD300350B97 /* any.cc */ = {isa = PBXFileReference; fileEncoding = 4; lastKnownFileType = sourcecode.cpp.cpp; path = any.cc; sourceTree = "<group>"; };
		4BF9D3C41FB32FD300350B97 /* any.h */ = {isa = PBXFileReference; fileEncoding = 4; lastKnownFileType = sourcecode.c.h; path = any.h; sourceTree = "<group>"; };
		4BF9D3C51FB32FD300350B97 /* any.pb.cc */ = {isa = PBXFileReference; fileEncoding = 4; lastKnownFileType = sourcecode.cpp.cpp; path = any.pb.cc; sourceTree = "<group>"; };
		4BF9D3C61FB32FD300350B97 /* any.pb.h */ = {isa = PBXFileReference; fileEncoding = 4; lastKnownFileType = sourcecode.c.h; path = any.pb.h; sourceTree = "<group>"; };
		4BF9D3C71FB32FD300350B97 /* any.proto */ = {isa = PBXFileReference; fileEncoding = 4; lastKnownFileType = text; path = any.proto; sourceTree = "<group>"; };
		4BF9D3C81FB32FD300350B97 /* arena.cc */ = {isa = PBXFileReference; fileEncoding = 4; lastKnownFileType = sourcecode.cpp.cpp; path = arena.cc; sourceTree = "<group>"; };
		4BF9D3C91FB32FD300350B97 /* arena.h */ = {isa = PBXFileReference; fileEncoding = 4; lastKnownFileType = sourcecode.c.h; path = arena.h; sourceTree = "<group>"; };
		4BF9D3CA1FB32FD300350B97 /* arenastring.cc */ = {isa = PBXFileReference; fileEncoding = 4; lastKnownFileType = sourcecode.cpp.cpp; path = arenastring.cc; sourceTree = "<group>"; };
		4BF9D3CB1FB32FD300350B97 /* arenastring.h */ = {isa = PBXFileReference; fileEncoding = 4; lastKnownFileType = sourcecode.c.h; path = arenastring.h; sourceTree = "<group>"; };
		4BF9D3CC1FB32FD300350B97 /* descriptor.cc */ = {isa = PBXFileReference; fileEncoding = 4; lastKnownFileType = sourcecode.cpp.cpp; path = descriptor.cc; sourceTree = "<group>"; };
		4BF9D3CD1FB32FD300350B97 /* descriptor.h */ = {isa = PBXFileReference; fileEncoding = 4; lastKnownFileType = sourcecode.c.h; path = descriptor.h; sourceTree = "<group>"; };
		4BF9D3CE1FB32FD300350B97 /* descriptor.pb.cc */ = {isa = PBXFileReference; fileEncoding = 4; lastKnownFileType = sourcecode.cpp.cpp; path = descriptor.pb.cc; sourceTree = "<group>"; };
		4BF9D3CF1FB32FD300350B97 /* descriptor.pb.h */ = {isa = PBXFileReference; fileEncoding = 4; lastKnownFileType = sourcecode.c.h; path = descriptor.pb.h; sourceTree = "<group>"; };
		4BF9D3D01FB32FD300350B97 /* descriptor.proto */ = {isa = PBXFileReference; fileEncoding = 4; lastKnownFileType = text; path = descriptor.proto; sourceTree = "<group>"; };
		4BF9D3D11FB32FD300350B97 /* descriptor_database.cc */ = {isa = PBXFileReference; fileEncoding = 4; lastKnownFileType = sourcecode.cpp.cpp; path = descriptor_database.cc; sourceTree = "<group>"; };
		4BF9D3D21FB32FD300350B97 /* descriptor_database.h */ = {isa = PBXFileReference; fileEncoding = 4; lastKnownFileType = sourcecode.c.h; path = descriptor_database.h; sourceTree = "<group>"; };
		4BF9D3D31FB32FD300350B97 /* duration.pb.cc */ = {isa = PBXFileReference; fileEncoding = 4; lastKnownFileType = sourcecode.cpp.cpp; path = duration.pb.cc; sourceTree = "<group>"; };
		4BF9D3D41FB32FD300350B97 /* duration.pb.h */ = {isa = PBXFileReference; fileEncoding = 4; lastKnownFileType = sourcecode.c.h; path = duration.pb.h; sourceTree = "<group>"; };
		4BF9D3D51FB32FD300350B97 /* duration.proto */ = {isa = PBXFileReference; fileEncoding = 4; lastKnownFileType = text; path = duration.proto; sourceTree = "<group>"; };
		4BF9D3D61FB32FD300350B97 /* dynamic_message.cc */ = {isa = PBXFileReference; fileEncoding = 4; lastKnownFileType = sourcecode.cpp.cpp; path = dynamic_message.cc; sourceTree = "<group>"; };
		4BF9D3D71FB32FD300350B97 /* dynamic_message.h */ = {isa = PBXFileReference; fileEncoding = 4; lastKnownFileType = sourcecode.c.h; path = dynamic_message.h; sourceTree = "<group>"; };
		4BF9D3D81FB32FD300350B97 /* empty.pb.cc */ = {isa = PBXFileReference; fileEncoding = 4; lastKnownFileType = sourcecode.cpp.cpp; path = empty.pb.cc; sourceTree = "<group>"; };
		4BF9D3D91FB32FD300350B97 /* empty.pb.h */ = {isa = PBXFileReference; fileEncoding = 4; lastKnownFileType = sourcecode.c.h; path = empty.pb.h; sourceTree = "<group>"; };
		4BF9D3DA1FB32FD300350B97 /* empty.proto */ = {isa = PBXFileReference; fileEncoding = 4; lastKnownFileType = text; path = empty.proto; sourceTree = "<group>"; };
		4BF9D3DB1FB32FD300350B97 /* extension_set.cc */ = {isa = PBXFileReference; fileEncoding = 4; lastKnownFileType = sourcecode.cpp.cpp; path = extension_set.cc; sourceTree = "<group>"; };
		4BF9D3DC1FB32FD300350B97 /* extension_set.h */ = {isa = PBXFileReference; fileEncoding = 4; lastKnownFileType = sourcecode.c.h; path = extension_set.h; sourceTree = "<group>"; };
		4BF9D3DD1FB32FD300350B97 /* extension_set_heavy.cc */ = {isa = PBXFileReference; fileEncoding = 4; lastKnownFileType = sourcecode.cpp.cpp; path = extension_set_heavy.cc; sourceTree = "<group>"; };
		4BF9D3DE1FB32FD300350B97 /* field_mask.pb.cc */ = {isa = PBXFileReference; fileEncoding = 4; lastKnownFileType = sourcecode.cpp.cpp; path = field_mask.pb.cc; sourceTree = "<group>"; };
		4BF9D3DF1FB32FD300350B97 /* field_mask.pb.h */ = {isa = PBXFileReference; fileEncoding = 4; lastKnownFileType = sourcecode.c.h; path = field_mask.pb.h; sourceTree = "<group>"; };
		4BF9D3E01FB32FD300350B97 /* field_mask.proto */ = {isa = PBXFileReference; fileEncoding = 4; lastKnownFileType = text; path = field_mask.proto; sourceTree = "<group>"; };
		4BF9D3E11FB32FD300350B97 /* generated_enum_reflection.h */ = {isa = PBXFileReference; fileEncoding = 4; lastKnownFileType = sourcecode.c.h; path = generated_enum_reflection.h; sourceTree = "<group>"; };
		4BF9D3E21FB32FD300350B97 /* generated_enum_util.h */ = {isa = PBXFileReference; fileEncoding = 4; lastKnownFileType = sourcecode.c.h; path = generated_enum_util.h; sourceTree = "<group>"; };
		4BF9D3E31FB32FD300350B97 /* generated_message_reflection.cc */ = {isa = PBXFileReference; fileEncoding = 4; lastKnownFileType = sourcecode.cpp.cpp; path = generated_message_reflection.cc; sourceTree = "<group>"; };
		4BF9D3E41FB32FD300350B97 /* generated_message_reflection.h */ = {isa = PBXFileReference; fileEncoding = 4; lastKnownFileType = sourcecode.c.h; path = generated_message_reflection.h; sourceTree = "<group>"; };
		4BF9D3E51FB32FD300350B97 /* generated_message_table_driven.cc */ = {isa = PBXFileReference; fileEncoding = 4; lastKnownFileType = sourcecode.cpp.cpp; path = generated_message_table_driven.cc; sourceTree = "<group>"; };
		4BF9D3E61FB32FD300350B97 /* generated_message_table_driven.h */ = {isa = PBXFileReference; fileEncoding = 4; lastKnownFileType = sourcecode.c.h; path = generated_message_table_driven.h; sourceTree = "<group>"; };
		4BF9D3E71FB32FD300350B97 /* generated_message_util.cc */ = {isa = PBXFileReference; fileEncoding = 4; lastKnownFileType = sourcecode.cpp.cpp; path = generated_message_util.cc; sourceTree = "<group>"; };
		4BF9D3E81FB32FD300350B97 /* generated_message_util.h */ = {isa = PBXFileReference; fileEncoding = 4; lastKnownFileType = sourcecode.c.h; path = generated_message_util.h; sourceTree = "<group>"; };
		4BF9D3E91FB32FD300350B97 /* has_bits.h */ = {isa = PBXFileReference; fileEncoding = 4; lastKnownFileType = sourcecode.c.h; path = has_bits.h; sourceTree = "<group>"; };
		4BF9D3EB1FB32FD300350B97 /* coded_stream.cc */ = {isa = PBXFileReference; fileEncoding = 4; lastKnownFileType = sourcecode.cpp.cpp; path = coded_stream.cc; sourceTree = "<group>"; };
		4BF9D3EC1FB32FD300350B97 /* coded_stream.h */ = {isa = PBXFileReference; fileEncoding = 4; lastKnownFileType = sourcecode.c.h; path = coded_stream.h; sourceTree = "<group>"; };
		4BF9D3ED1FB32FD300350B97 /* coded_stream_inl.h */ = {isa = PBXFileReference; fileEncoding = 4; lastKnownFileType = sourcecode.c.h; path = coded_stream_inl.h; sourceTree = "<group>"; };
		4BF9D3EE1FB32FD300350B97 /* gzip_stream.cc */ = {isa = PBXFileReference; fileEncoding = 4; lastKnownFileType = sourcecode.cpp.cpp; path = gzip_stream.cc; sourceTree = "<group>"; };
		4BF9D3EF1FB32FD300350B97 /* gzip_stream.h */ = {isa = PBXFileReference; fileEncoding = 4; lastKnownFileType = sourcecode.c.h; path = gzip_stream.h; sourceTree = "<group>"; };
		4BF9D3F01FB32FD300350B97 /* package_info.h */ = {isa = PBXFileReference; fileEncoding = 4; lastKnownFileType = sourcecode.c.h; path = package_info.h; sourceTree = "<group>"; };
		4BF9D3F11FB32FD300350B97 /* printer.cc */ = {isa = PBXFileReference; fileEncoding = 4; lastKnownFileType = sourcecode.cpp.cpp; path = printer.cc; sourceTree = "<group>"; };
		4BF9D3F21FB32FD300350B97 /* printer.h */ = {isa = PBXFileReference; fileEncoding = 4; lastKnownFileType = sourcecode.c.h; path = printer.h; sourceTree = "<group>"; };
		4BF9D3F31FB32FD300350B97 /* strtod.cc */ = {isa = PBXFileReference; fileEncoding = 4; lastKnownFileType = sourcecode.cpp.cpp; path = strtod.cc; sourceTree = "<group>"; };
		4BF9D3F41FB32FD300350B97 /* strtod.h */ = {isa = PBXFileReference; fileEncoding = 4; lastKnownFileType = sourcecode.c.h; path = strtod.h; sourceTree = "<group>"; };
		4BF9D3F51FB32FD300350B97 /* tokenizer.cc */ = {isa = PBXFileReference; fileEncoding = 4; lastKnownFileType = sourcecode.cpp.cpp; path = tokenizer.cc; sourceTree = "<group>"; };
		4BF9D3F61FB32FD300350B97 /* tokenizer.h */ = {isa = PBXFileReference; fileEncoding = 4; lastKnownFileType = sourcecode.c.h; path = tokenizer.h; sourceTree = "<group>"; };
		4BF9D3F71FB32FD300350B97 /* zero_copy_stream.cc */ = {isa = PBXFileReference; fileEncoding = 4; lastKnownFileType = sourcecode.cpp.cpp; path = zero_copy_stream.cc; sourceTree = "<group>"; };
		4BF9D3F81FB32FD300350B97 /* zero_copy_stream.h */ = {isa = PBXFileReference; fileEncoding = 4; lastKnownFileType = sourcecode.c.h; path = zero_copy_stream.h; sourceTree = "<group>"; };
		4BF9D3F91FB32FD300350B97 /* zero_copy_stream_impl.cc */ = {isa = PBXFileReference; fileEncoding = 4; lastKnownFileType = sourcecode.cpp.cpp; path = zero_copy_stream_impl.cc; sourceTree = "<group>"; };
		4BF9D3FA1FB32FD300350B97 /* zero_copy_stream_impl.h */ = {isa = PBXFileReference; fileEncoding = 4; lastKnownFileType = sourcecode.c.h; path = zero_copy_stream_impl.h; sourceTree = "<group>"; };
		4BF9D3FB1FB32FD300350B97 /* zero_copy_stream_impl_lite.cc */ = {isa = PBXFileReference; fileEncoding = 4; lastKnownFileType = sourcecode.cpp.cpp; path = zero_copy_stream_impl_lite.cc; sourceTree = "<group>"; };
		4BF9D3FC1FB32FD300350B97 /* zero_copy_stream_impl_lite.h */ = {isa = PBXFileReference; fileEncoding = 4; lastKnownFileType = sourcecode.c.h; path = zero_copy_stream_impl_lite.h; sourceTree = "<group>"; };
		4BF9D3FD1FB32FD300350B97 /* map.h */ = {isa = PBXFileReference; fileEncoding = 4; lastKnownFileType = sourcecode.c.h; path = map.h; sourceTree = "<group>"; };
		4BF9D3FE1FB32FD300350B97 /* map_entry.h */ = {isa = PBXFileReference; fileEncoding = 4; lastKnownFileType = sourcecode.c.h; path = map_entry.h; sourceTree = "<group>"; };
		4BF9D3FF1FB32FD300350B97 /* map_entry_lite.h */ = {isa = PBXFileReference; fileEncoding = 4; lastKnownFileType = sourcecode.c.h; path = map_entry_lite.h; sourceTree = "<group>"; };
		4BF9D4001FB32FD300350B97 /* map_field.cc */ = {isa = PBXFileReference; fileEncoding = 4; lastKnownFileType = sourcecode.cpp.cpp; path = map_field.cc; sourceTree = "<group>"; };
		4BF9D4011FB32FD300350B97 /* map_field.h */ = {isa = PBXFileReference; fileEncoding = 4; lastKnownFileType = sourcecode.c.h; path = map_field.h; sourceTree = "<group>"; };
		4BF9D4021FB32FD300350B97 /* map_field_inl.h */ = {isa = PBXFileReference; fileEncoding = 4; lastKnownFileType = sourcecode.c.h; path = map_field_inl.h; sourceTree = "<group>"; };
		4BF9D4031FB32FD300350B97 /* map_field_lite.h */ = {isa = PBXFileReference; fileEncoding = 4; lastKnownFileType = sourcecode.c.h; path = map_field_lite.h; sourceTree = "<group>"; };
		4BF9D4041FB32FD300350B97 /* map_type_handler.h */ = {isa = PBXFileReference; fileEncoding = 4; lastKnownFileType = sourcecode.c.h; path = map_type_handler.h; sourceTree = "<group>"; };
		4BF9D4051FB32FD300350B97 /* message.cc */ = {isa = PBXFileReference; fileEncoding = 4; lastKnownFileType = sourcecode.cpp.cpp; path = message.cc; sourceTree = "<group>"; };
		4BF9D4061FB32FD300350B97 /* message.h */ = {isa = PBXFileReference; fileEncoding = 4; lastKnownFileType = sourcecode.c.h; path = message.h; sourceTree = "<group>"; };
		4BF9D4071FB32FD300350B97 /* message_lite.cc */ = {isa = PBXFileReference; fileEncoding = 4; lastKnownFileType = sourcecode.cpp.cpp; path = message_lite.cc; sourceTree = "<group>"; };
		4BF9D4081FB32FD300350B97 /* message_lite.h */ = {isa = PBXFileReference; fileEncoding = 4; lastKnownFileType = sourcecode.c.h; path = message_lite.h; sourceTree = "<group>"; };
		4BF9D4091FB32FD300350B97 /* metadata.h */ = {isa = PBXFileReference; fileEncoding = 4; lastKnownFileType = sourcecode.c.h; path = metadata.h; sourceTree = "<group>"; };
		4BF9D40A1FB32FD300350B97 /* metadata_lite.h */ = {isa = PBXFileReference; fileEncoding = 4; lastKnownFileType = sourcecode.c.h; path = metadata_lite.h; sourceTree = "<group>"; };
		4BF9D40B1FB32FD300350B97 /* package_info.h */ = {isa = PBXFileReference; fileEncoding = 4; lastKnownFileType = sourcecode.c.h; path = package_info.h; sourceTree = "<group>"; };
		4BF9D40C1FB32FD300350B97 /* reflection.h */ = {isa = PBXFileReference; fileEncoding = 4; lastKnownFileType = sourcecode.c.h; path = reflection.h; sourceTree = "<group>"; };
		4BF9D40D1FB32FD300350B97 /* reflection_internal.h */ = {isa = PBXFileReference; fileEncoding = 4; lastKnownFileType = sourcecode.c.h; path = reflection_internal.h; sourceTree = "<group>"; };
		4BF9D40E1FB32FD300350B97 /* reflection_ops.cc */ = {isa = PBXFileReference; fileEncoding = 4; lastKnownFileType = sourcecode.cpp.cpp; path = reflection_ops.cc; sourceTree = "<group>"; };
		4BF9D40F1FB32FD300350B97 /* reflection_ops.h */ = {isa = PBXFileReference; fileEncoding = 4; lastKnownFileType = sourcecode.c.h; path = reflection_ops.h; sourceTree = "<group>"; };
		4BF9D4101FB32FD300350B97 /* repeated_field.cc */ = {isa = PBXFileReference; fileEncoding = 4; lastKnownFileType = sourcecode.cpp.cpp; path = repeated_field.cc; sourceTree = "<group>"; };
		4BF9D4111FB32FD300350B97 /* repeated_field.h */ = {isa = PBXFileReference; fileEncoding = 4; lastKnownFileType = sourcecode.c.h; path = repeated_field.h; sourceTree = "<group>"; };
		4BF9D4121FB32FD300350B97 /* service.cc */ = {isa = PBXFileReference; fileEncoding = 4; lastKnownFileType = sourcecode.cpp.cpp; path = service.cc; sourceTree = "<group>"; };
		4BF9D4131FB32FD300350B97 /* service.h */ = {isa = PBXFileReference; fileEncoding = 4; lastKnownFileType = sourcecode.c.h; path = service.h; sourceTree = "<group>"; };
		4BF9D4141FB32FD300350B97 /* source_context.pb.cc */ = {isa = PBXFileReference; fileEncoding = 4; lastKnownFileType = sourcecode.cpp.cpp; path = source_context.pb.cc; sourceTree = "<group>"; };
		4BF9D4151FB32FD300350B97 /* source_context.pb.h */ = {isa = PBXFileReference; fileEncoding = 4; lastKnownFileType = sourcecode.c.h; path = source_context.pb.h; sourceTree = "<group>"; };
		4BF9D4161FB32FD300350B97 /* source_context.proto */ = {isa = PBXFileReference; fileEncoding = 4; lastKnownFileType = text; path = source_context.proto; sourceTree = "<group>"; };
		4BF9D4171FB32FD300350B97 /* struct.pb.cc */ = {isa = PBXFileReference; fileEncoding = 4; lastKnownFileType = sourcecode.cpp.cpp; path = struct.pb.cc; sourceTree = "<group>"; };
		4BF9D4181FB32FD300350B97 /* struct.pb.h */ = {isa = PBXFileReference; fileEncoding = 4; lastKnownFileType = sourcecode.c.h; path = struct.pb.h; sourceTree = "<group>"; };
		4BF9D4191FB32FD300350B97 /* struct.proto */ = {isa = PBXFileReference; fileEncoding = 4; lastKnownFileType = text; path = struct.proto; sourceTree = "<group>"; };
		4BF9D41B1FB32FD300350B97 /* atomic_sequence_num.h */ = {isa = PBXFileReference; fileEncoding = 4; lastKnownFileType = sourcecode.c.h; path = atomic_sequence_num.h; sourceTree = "<group>"; };
		4BF9D41C1FB32FD300350B97 /* atomicops.h */ = {isa = PBXFileReference; fileEncoding = 4; lastKnownFileType = sourcecode.c.h; path = atomicops.h; sourceTree = "<group>"; };
		4BF9D41D1FB32FD300350B97 /* atomicops_internals_arm64_gcc.h */ = {isa = PBXFileReference; fileEncoding = 4; lastKnownFileType = sourcecode.c.h; path = atomicops_internals_arm64_gcc.h; sourceTree = "<group>"; };
		4BF9D41E1FB32FD300350B97 /* atomicops_internals_arm_gcc.h */ = {isa = PBXFileReference; fileEncoding = 4; lastKnownFileType = sourcecode.c.h; path = atomicops_internals_arm_gcc.h; sourceTree = "<group>"; };
		4BF9D41F1FB32FD300350B97 /* atomicops_internals_arm_qnx.h */ = {isa = PBXFileReference; fileEncoding = 4; lastKnownFileType = sourcecode.c.h; path = atomicops_internals_arm_qnx.h; sourceTree = "<group>"; };
		4BF9D4201FB32FD300350B97 /* atomicops_internals_atomicword_compat.h */ = {isa = PBXFileReference; fileEncoding = 4; lastKnownFileType = sourcecode.c.h; path = atomicops_internals_atomicword_compat.h; sourceTree = "<group>"; };
		4BF9D4211FB32FD300350B97 /* atomicops_internals_generic_c11_atomic.h */ = {isa = PBXFileReference; fileEncoding = 4; lastKnownFileType = sourcecode.c.h; path = atomicops_internals_generic_c11_atomic.h; sourceTree = "<group>"; };
		4BF9D4221FB32FD300350B97 /* atomicops_internals_generic_gcc.h */ = {isa = PBXFileReference; fileEncoding = 4; lastKnownFileType = sourcecode.c.h; path = atomicops_internals_generic_gcc.h; sourceTree = "<group>"; };
		4BF9D4231FB32FD300350B97 /* atomicops_internals_mips_gcc.h */ = {isa = PBXFileReference; fileEncoding = 4; lastKnownFileType = sourcecode.c.h; path = atomicops_internals_mips_gcc.h; sourceTree = "<group>"; };
		4BF9D4241FB32FD300350B97 /* atomicops_internals_power.h */ = {isa = PBXFileReference; fileEncoding = 4; lastKnownFileType = sourcecode.c.h; path = atomicops_internals_power.h; sourceTree = "<group>"; };
		4BF9D4251FB32FD300350B97 /* atomicops_internals_ppc_gcc.h */ = {isa = PBXFileReference; fileEncoding = 4; lastKnownFileType = sourcecode.c.h; path = atomicops_internals_ppc_gcc.h; sourceTree = "<group>"; };
		4BF9D4261FB32FD300350B97 /* atomicops_internals_solaris.h */ = {isa = PBXFileReference; fileEncoding = 4; lastKnownFileType = sourcecode.c.h; path = atomicops_internals_solaris.h; sourceTree = "<group>"; };
		4BF9D4271FB32FD300350B97 /* atomicops_internals_tsan.h */ = {isa = PBXFileReference; fileEncoding = 4; lastKnownFileType = sourcecode.c.h; path = atomicops_internals_tsan.h; sourceTree = "<group>"; };
		4BF9D4281FB32FD300350B97 /* atomicops_internals_x86_gcc.cc */ = {isa = PBXFileReference; fileEncoding = 4; lastKnownFileType = sourcecode.cpp.cpp; path = atomicops_internals_x86_gcc.cc; sourceTree = "<group>"; };
		4BF9D4291FB32FD300350B97 /* atomicops_internals_x86_gcc.h */ = {isa = PBXFileReference; fileEncoding = 4; lastKnownFileType = sourcecode.c.h; path = atomicops_internals_x86_gcc.h; sourceTree = "<group>"; };
		4BF9D42A1FB32FD300350B97 /* atomicops_internals_x86_msvc.cc */ = {isa = PBXFileReference; fileEncoding = 4; lastKnownFileType = sourcecode.cpp.cpp; path = atomicops_internals_x86_msvc.cc; sourceTree = "<group>"; };
		4BF9D42B1FB32FD300350B97 /* atomicops_internals_x86_msvc.h */ = {isa = PBXFileReference; fileEncoding = 4; lastKnownFileType = sourcecode.c.h; path = atomicops_internals_x86_msvc.h; sourceTree = "<group>"; };
		4BF9D42C1FB32FD300350B97 /* bytestream.cc */ = {isa = PBXFileReference; fileEncoding = 4; lastKnownFileType = sourcecode.cpp.cpp; path = bytestream.cc; sourceTree = "<group>"; };
		4BF9D42D1FB32FD300350B97 /* bytestream.h */ = {isa = PBXFileReference; fileEncoding = 4; lastKnownFileType = sourcecode.c.h; path = bytestream.h; sourceTree = "<group>"; };
		4BF9D42E1FB32FD300350B97 /* callback.h */ = {isa = PBXFileReference; fileEncoding = 4; lastKnownFileType = sourcecode.c.h; path = callback.h; sourceTree = "<group>"; };
		4BF9D42F1FB32FD300350B97 /* casts.h */ = {isa = PBXFileReference; fileEncoding = 4; lastKnownFileType = sourcecode.c.h; path = casts.h; sourceTree = "<group>"; };
		4BF9D4301FB32FD300350B97 /* common.cc */ = {isa = PBXFileReference; fileEncoding = 4; lastKnownFileType = sourcecode.cpp.cpp; path = common.cc; sourceTree = "<group>"; };
		4BF9D4311FB32FD300350B97 /* common.h */ = {isa = PBXFileReference; fileEncoding = 4; lastKnownFileType = sourcecode.c.h; path = common.h; sourceTree = "<group>"; };
		4BF9D4321FB32FD300350B97 /* fastmem.h */ = {isa = PBXFileReference; fileEncoding = 4; lastKnownFileType = sourcecode.c.h; path = fastmem.h; sourceTree = "<group>"; };
		4BF9D4331FB32FD300350B97 /* hash.h */ = {isa = PBXFileReference; fileEncoding = 4; lastKnownFileType = sourcecode.c.h; path = hash.h; sourceTree = "<group>"; };
		4BF9D4341FB32FD300350B97 /* int128.cc */ = {isa = PBXFileReference; fileEncoding = 4; lastKnownFileType = sourcecode.cpp.cpp; path = int128.cc; sourceTree = "<group>"; };
		4BF9D4351FB32FD300350B97 /* int128.h */ = {isa = PBXFileReference; fileEncoding = 4; lastKnownFileType = sourcecode.c.h; path = int128.h; sourceTree = "<group>"; };
		4BF9D4361FB32FD300350B97 /* logging.h */ = {isa = PBXFileReference; fileEncoding = 4; lastKnownFileType = sourcecode.c.h; path = logging.h; sourceTree = "<group>"; };
		4BF9D4371FB32FD300350B97 /* macros.h */ = {isa = PBXFileReference; fileEncoding = 4; lastKnownFileType = sourcecode.c.h; path = macros.h; sourceTree = "<group>"; };
		4BF9D4381FB32FD300350B97 /* map_util.h */ = {isa = PBXFileReference; fileEncoding = 4; lastKnownFileType = sourcecode.c.h; path = map_util.h; sourceTree = "<group>"; };
		4BF9D4391FB32FD300350B97 /* mathlimits.cc */ = {isa = PBXFileReference; fileEncoding = 4; lastKnownFileType = sourcecode.cpp.cpp; path = mathlimits.cc; sourceTree = "<group>"; };
		4BF9D43A1FB32FD300350B97 /* mathlimits.h */ = {isa = PBXFileReference; fileEncoding = 4; lastKnownFileType = sourcecode.c.h; path = mathlimits.h; sourceTree = "<group>"; };
		4BF9D43B1FB32FD300350B97 /* mathutil.h */ = {isa = PBXFileReference; fileEncoding = 4; lastKnownFileType = sourcecode.c.h; path = mathutil.h; sourceTree = "<group>"; };
		4BF9D43C1FB32FD300350B97 /* mutex.h */ = {isa = PBXFileReference; fileEncoding = 4; lastKnownFileType = sourcecode.c.h; path = mutex.h; sourceTree = "<group>"; };
		4BF9D43D1FB32FD300350B97 /* once.cc */ = {isa = PBXFileReference; fileEncoding = 4; lastKnownFileType = sourcecode.cpp.cpp; path = once.cc; sourceTree = "<group>"; };
		4BF9D43E1FB32FD300350B97 /* once.h */ = {isa = PBXFileReference; fileEncoding = 4; lastKnownFileType = sourcecode.c.h; path = once.h; sourceTree = "<group>"; };
		4BF9D43F1FB32FD300350B97 /* platform_macros.h */ = {isa = PBXFileReference; fileEncoding = 4; lastKnownFileType = sourcecode.c.h; path = platform_macros.h; sourceTree = "<group>"; };
		4BF9D4401FB32FD300350B97 /* port.h */ = {isa = PBXFileReference; fileEncoding = 4; lastKnownFileType = sourcecode.c.h; path = port.h; sourceTree = "<group>"; };
		4BF9D4411FB32FD300350B97 /* scoped_ptr.h */ = {isa = PBXFileReference; fileEncoding = 4; lastKnownFileType = sourcecode.c.h; path = scoped_ptr.h; sourceTree = "<group>"; };
		4BF9D4421FB32FD300350B97 /* shared_ptr.h */ = {isa = PBXFileReference; fileEncoding = 4; lastKnownFileType = sourcecode.c.h; path = shared_ptr.h; sourceTree = "<group>"; };
		4BF9D4431FB32FD300350B97 /* singleton.h */ = {isa = PBXFileReference; fileEncoding = 4; lastKnownFileType = sourcecode.c.h; path = singleton.h; sourceTree = "<group>"; };
		4BF9D4441FB32FD300350B97 /* status.cc */ = {isa = PBXFileReference; fileEncoding = 4; lastKnownFileType = sourcecode.cpp.cpp; path = status.cc; sourceTree = "<group>"; };
		4BF9D4451FB32FD300350B97 /* status.h */ = {isa = PBXFileReference; fileEncoding = 4; lastKnownFileType = sourcecode.c.h; path = status.h; sourceTree = "<group>"; };
		4BF9D4461FB32FD300350B97 /* status_macros.h */ = {isa = PBXFileReference; fileEncoding = 4; lastKnownFileType = sourcecode.c.h; path = status_macros.h; sourceTree = "<group>"; };
		4BF9D4471FB32FD300350B97 /* statusor.cc */ = {isa = PBXFileReference; fileEncoding = 4; lastKnownFileType = sourcecode.cpp.cpp; path = statusor.cc; sourceTree = "<group>"; };
		4BF9D4481FB32FD300350B97 /* statusor.h */ = {isa = PBXFileReference; fileEncoding = 4; lastKnownFileType = sourcecode.c.h; path = statusor.h; sourceTree = "<group>"; };
		4BF9D4491FB32FD300350B97 /* stl_util.h */ = {isa = PBXFileReference; fileEncoding = 4; lastKnownFileType = sourcecode.c.h; path = stl_util.h; sourceTree = "<group>"; };
		4BF9D44A1FB32FD300350B97 /* stringpiece.cc */ = {isa = PBXFileReference; fileEncoding = 4; lastKnownFileType = sourcecode.cpp.cpp; path = stringpiece.cc; sourceTree = "<group>"; };
		4BF9D44B1FB32FD300350B97 /* stringpiece.h */ = {isa = PBXFileReference; fileEncoding = 4; lastKnownFileType = sourcecode.c.h; path = stringpiece.h; sourceTree = "<group>"; };
		4BF9D44C1FB32FD300350B97 /* stringprintf.cc */ = {isa = PBXFileReference; fileEncoding = 4; lastKnownFileType = sourcecode.cpp.cpp; path = stringprintf.cc; sourceTree = "<group>"; };
		4BF9D44D1FB32FD300350B97 /* stringprintf.h */ = {isa = PBXFileReference; fileEncoding = 4; lastKnownFileType = sourcecode.c.h; path = stringprintf.h; sourceTree = "<group>"; };
		4BF9D44E1FB32FD300350B97 /* structurally_valid.cc */ = {isa = PBXFileReference; fileEncoding = 4; lastKnownFileType = sourcecode.cpp.cpp; path = structurally_valid.cc; sourceTree = "<group>"; };
		4BF9D44F1FB32FD300350B97 /* strutil.cc */ = {isa = PBXFileReference; fileEncoding = 4; lastKnownFileType = sourcecode.cpp.cpp; path = strutil.cc; sourceTree = "<group>"; };
		4BF9D4501FB32FD300350B97 /* strutil.h */ = {isa = PBXFileReference; fileEncoding = 4; lastKnownFileType = sourcecode.c.h; path = strutil.h; sourceTree = "<group>"; };
		4BF9D4511FB32FD300350B97 /* substitute.cc */ = {isa = PBXFileReference; fileEncoding = 4; lastKnownFileType = sourcecode.cpp.cpp; path = substitute.cc; sourceTree = "<group>"; };
		4BF9D4521FB32FD300350B97 /* substitute.h */ = {isa = PBXFileReference; fileEncoding = 4; lastKnownFileType = sourcecode.c.h; path = substitute.h; sourceTree = "<group>"; };
		4BF9D4531FB32FD300350B97 /* template_util.h */ = {isa = PBXFileReference; fileEncoding = 4; lastKnownFileType = sourcecode.c.h; path = template_util.h; sourceTree = "<group>"; };
		4BF9D4541FB32FD300350B97 /* time.cc */ = {isa = PBXFileReference; fileEncoding = 4; lastKnownFileType = sourcecode.cpp.cpp; path = time.cc; sourceTree = "<group>"; };
		4BF9D4551FB32FD300350B97 /* time.h */ = {isa = PBXFileReference; fileEncoding = 4; lastKnownFileType = sourcecode.c.h; path = time.h; sourceTree = "<group>"; };
		4BF9D4561FB32FD300350B97 /* type_traits.h */ = {isa = PBXFileReference; fileEncoding = 4; lastKnownFileType = sourcecode.c.h; path = type_traits.h; sourceTree = "<group>"; };
		4BF9D4571FB32FD300350B97 /* text_format.cc */ = {isa = PBXFileReference; fileEncoding = 4; lastKnownFileType = sourcecode.cpp.cpp; path = text_format.cc; sourceTree = "<group>"; };
		4BF9D4581FB32FD300350B97 /* text_format.h */ = {isa = PBXFileReference; fileEncoding = 4; lastKnownFileType = sourcecode.c.h; path = text_format.h; sourceTree = "<group>"; };
		4BF9D4591FB32FD300350B97 /* timestamp.pb.cc */ = {isa = PBXFileReference; fileEncoding = 4; lastKnownFileType = sourcecode.cpp.cpp; path = timestamp.pb.cc; sourceTree = "<group>"; };
		4BF9D45A1FB32FD300350B97 /* timestamp.pb.h */ = {isa = PBXFileReference; fileEncoding = 4; lastKnownFileType = sourcecode.c.h; path = timestamp.pb.h; sourceTree = "<group>"; };
		4BF9D45B1FB32FD300350B97 /* timestamp.proto */ = {isa = PBXFileReference; fileEncoding = 4; lastKnownFileType = text; path = timestamp.proto; sourceTree = "<group>"; };
		4BF9D45C1FB32FD300350B97 /* type.pb.cc */ = {isa = PBXFileReference; fileEncoding = 4; lastKnownFileType = sourcecode.cpp.cpp; path = type.pb.cc; sourceTree = "<group>"; };
		4BF9D45D1FB32FD300350B97 /* type.pb.h */ = {isa = PBXFileReference; fileEncoding = 4; lastKnownFileType = sourcecode.c.h; path = type.pb.h; sourceTree = "<group>"; };
		4BF9D45E1FB32FD300350B97 /* type.proto */ = {isa = PBXFileReference; fileEncoding = 4; lastKnownFileType = text; path = type.proto; sourceTree = "<group>"; };
		4BF9D45F1FB32FD300350B97 /* unknown_field_set.cc */ = {isa = PBXFileReference; fileEncoding = 4; lastKnownFileType = sourcecode.cpp.cpp; path = unknown_field_set.cc; sourceTree = "<group>"; };
		4BF9D4601FB32FD300350B97 /* unknown_field_set.h */ = {isa = PBXFileReference; fileEncoding = 4; lastKnownFileType = sourcecode.c.h; path = unknown_field_set.h; sourceTree = "<group>"; };
		4BF9D4621FB32FD300350B97 /* delimited_message_util.cc */ = {isa = PBXFileReference; fileEncoding = 4; lastKnownFileType = sourcecode.cpp.cpp; path = delimited_message_util.cc; sourceTree = "<group>"; };
		4BF9D4631FB32FD300350B97 /* delimited_message_util.h */ = {isa = PBXFileReference; fileEncoding = 4; lastKnownFileType = sourcecode.c.h; path = delimited_message_util.h; sourceTree = "<group>"; };
		4BF9D4641FB32FD300350B97 /* field_comparator.cc */ = {isa = PBXFileReference; fileEncoding = 4; lastKnownFileType = sourcecode.cpp.cpp; path = field_comparator.cc; sourceTree = "<group>"; };
		4BF9D4651FB32FD300350B97 /* field_comparator.h */ = {isa = PBXFileReference; fileEncoding = 4; lastKnownFileType = sourcecode.c.h; path = field_comparator.h; sourceTree = "<group>"; };
		4BF9D4661FB32FD300350B97 /* field_mask_util.cc */ = {isa = PBXFileReference; fileEncoding = 4; lastKnownFileType = sourcecode.cpp.cpp; path = field_mask_util.cc; sourceTree = "<group>"; };
		4BF9D4671FB32FD300350B97 /* field_mask_util.h */ = {isa = PBXFileReference; fileEncoding = 4; lastKnownFileType = sourcecode.c.h; path = field_mask_util.h; sourceTree = "<group>"; };
		4BF9D4691FB32FD300350B97 /* constants.h */ = {isa = PBXFileReference; fileEncoding = 4; lastKnownFileType = sourcecode.c.h; path = constants.h; sourceTree = "<group>"; };
		4BF9D46A1FB32FD300350B97 /* datapiece.cc */ = {isa = PBXFileReference; fileEncoding = 4; lastKnownFileType = sourcecode.cpp.cpp; path = datapiece.cc; sourceTree = "<group>"; };
		4BF9D46B1FB32FD300350B97 /* datapiece.h */ = {isa = PBXFileReference; fileEncoding = 4; lastKnownFileType = sourcecode.c.h; path = datapiece.h; sourceTree = "<group>"; };
		4BF9D46C1FB32FD300350B97 /* default_value_objectwriter.cc */ = {isa = PBXFileReference; fileEncoding = 4; lastKnownFileType = sourcecode.cpp.cpp; path = default_value_objectwriter.cc; sourceTree = "<group>"; };
		4BF9D46D1FB32FD300350B97 /* default_value_objectwriter.h */ = {isa = PBXFileReference; fileEncoding = 4; lastKnownFileType = sourcecode.c.h; path = default_value_objectwriter.h; sourceTree = "<group>"; };
		4BF9D46E1FB32FD300350B97 /* error_listener.cc */ = {isa = PBXFileReference; fileEncoding = 4; lastKnownFileType = sourcecode.cpp.cpp; path = error_listener.cc; sourceTree = "<group>"; };
		4BF9D46F1FB32FD300350B97 /* error_listener.h */ = {isa = PBXFileReference; fileEncoding = 4; lastKnownFileType = sourcecode.c.h; path = error_listener.h; sourceTree = "<group>"; };
		4BF9D4701FB32FD300350B97 /* field_mask_utility.cc */ = {isa = PBXFileReference; fileEncoding = 4; lastKnownFileType = sourcecode.cpp.cpp; path = field_mask_utility.cc; sourceTree = "<group>"; };
		4BF9D4711FB32FD300350B97 /* field_mask_utility.h */ = {isa = PBXFileReference; fileEncoding = 4; lastKnownFileType = sourcecode.c.h; path = field_mask_utility.h; sourceTree = "<group>"; };
		4BF9D4721FB32FD300350B97 /* json_escaping.cc */ = {isa = PBXFileReference; fileEncoding = 4; lastKnownFileType = sourcecode.cpp.cpp; path = json_escaping.cc; sourceTree = "<group>"; };
		4BF9D4731FB32FD300350B97 /* json_escaping.h */ = {isa = PBXFileReference; fileEncoding = 4; lastKnownFileType = sourcecode.c.h; path = json_escaping.h; sourceTree = "<group>"; };
		4BF9D4741FB32FD300350B97 /* json_objectwriter.cc */ = {isa = PBXFileReference; fileEncoding = 4; lastKnownFileType = sourcecode.cpp.cpp; path = json_objectwriter.cc; sourceTree = "<group>"; };
		4BF9D4751FB32FD300350B97 /* json_objectwriter.h */ = {isa = PBXFileReference; fileEncoding = 4; lastKnownFileType = sourcecode.c.h; path = json_objectwriter.h; sourceTree = "<group>"; };
		4BF9D4761FB32FD300350B97 /* json_stream_parser.cc */ = {isa = PBXFileReference; fileEncoding = 4; lastKnownFileType = sourcecode.cpp.cpp; path = json_stream_parser.cc; sourceTree = "<group>"; };
		4BF9D4771FB32FD300350B97 /* json_stream_parser.h */ = {isa = PBXFileReference; fileEncoding = 4; lastKnownFileType = sourcecode.c.h; path = json_stream_parser.h; sourceTree = "<group>"; };
		4BF9D4781FB32FD300350B97 /* location_tracker.h */ = {isa = PBXFileReference; fileEncoding = 4; lastKnownFileType = sourcecode.c.h; path = location_tracker.h; sourceTree = "<group>"; };
		4BF9D4791FB32FD300350B97 /* object_location_tracker.h */ = {isa = PBXFileReference; fileEncoding = 4; lastKnownFileType = sourcecode.c.h; path = object_location_tracker.h; sourceTree = "<group>"; };
		4BF9D47A1FB32FD300350B97 /* object_source.h */ = {isa = PBXFileReference; fileEncoding = 4; lastKnownFileType = sourcecode.c.h; path = object_source.h; sourceTree = "<group>"; };
		4BF9D47B1FB32FD300350B97 /* object_writer.cc */ = {isa = PBXFileReference; fileEncoding = 4; lastKnownFileType = sourcecode.cpp.cpp; path = object_writer.cc; sourceTree = "<group>"; };
		4BF9D47C1FB32FD300350B97 /* object_writer.h */ = {isa = PBXFileReference; fileEncoding = 4; lastKnownFileType = sourcecode.c.h; path = object_writer.h; sourceTree = "<group>"; };
		4BF9D47D1FB32FD300350B97 /* proto_writer.cc */ = {isa = PBXFileReference; fileEncoding = 4; lastKnownFileType = sourcecode.cpp.cpp; path = proto_writer.cc; sourceTree = "<group>"; };
		4BF9D47E1FB32FD300350B97 /* proto_writer.h */ = {isa = PBXFileReference; fileEncoding = 4; lastKnownFileType = sourcecode.c.h; path = proto_writer.h; sourceTree = "<group>"; };
		4BF9D47F1FB32FD300350B97 /* protostream_objectsource.cc */ = {isa = PBXFileReference; fileEncoding = 4; lastKnownFileType = sourcecode.cpp.cpp; path = protostream_objectsource.cc; sourceTree = "<group>"; };
		4BF9D4801FB32FD300350B97 /* protostream_objectsource.h */ = {isa = PBXFileReference; fileEncoding = 4; lastKnownFileType = sourcecode.c.h; path = protostream_objectsource.h; sourceTree = "<group>"; };
		4BF9D4811FB32FD300350B97 /* protostream_objectwriter.cc */ = {isa = PBXFileReference; fileEncoding = 4; lastKnownFileType = sourcecode.cpp.cpp; path = protostream_objectwriter.cc; sourceTree = "<group>"; };
		4BF9D4821FB32FD300350B97 /* protostream_objectwriter.h */ = {isa = PBXFileReference; fileEncoding = 4; lastKnownFileType = sourcecode.c.h; path = protostream_objectwriter.h; sourceTree = "<group>"; };
		4BF9D4831FB32FD300350B97 /* structured_objectwriter.h */ = {isa = PBXFileReference; fileEncoding = 4; lastKnownFileType = sourcecode.c.h; path = structured_objectwriter.h; sourceTree = "<group>"; };
		4BF9D4841FB32FD300350B97 /* type_info.cc */ = {isa = PBXFileReference; fileEncoding = 4; lastKnownFileType = sourcecode.cpp.cpp; path = type_info.cc; sourceTree = "<group>"; };
		4BF9D4851FB32FD300350B97 /* type_info.h */ = {isa = PBXFileReference; fileEncoding = 4; lastKnownFileType = sourcecode.c.h; path = type_info.h; sourceTree = "<group>"; };
		4BF9D4861FB32FD300350B97 /* utility.cc */ = {isa = PBXFileReference; fileEncoding = 4; lastKnownFileType = sourcecode.cpp.cpp; path = utility.cc; sourceTree = "<group>"; };
		4BF9D4871FB32FD300350B97 /* utility.h */ = {isa = PBXFileReference; fileEncoding = 4; lastKnownFileType = sourcecode.c.h; path = utility.h; sourceTree = "<group>"; };
		4BF9D4881FB32FD300350B97 /* json_util.cc */ = {isa = PBXFileReference; fileEncoding = 4; lastKnownFileType = sourcecode.cpp.cpp; path = json_util.cc; sourceTree = "<group>"; };
		4BF9D4891FB32FD300350B97 /* json_util.h */ = {isa = PBXFileReference; fileEncoding = 4; lastKnownFileType = sourcecode.c.h; path = json_util.h; sourceTree = "<group>"; };
		4BF9D48A1FB32FD300350B97 /* message_differencer.cc */ = {isa = PBXFileReference; fileEncoding = 4; lastKnownFileType = sourcecode.cpp.cpp; path = message_differencer.cc; sourceTree = "<group>"; };
		4BF9D48B1FB32FD300350B97 /* message_differencer.h */ = {isa = PBXFileReference; fileEncoding = 4; lastKnownFileType = sourcecode.c.h; path = message_differencer.h; sourceTree = "<group>"; };
		4BF9D48C1FB32FD300350B97 /* package_info.h */ = {isa = PBXFileReference; fileEncoding = 4; lastKnownFileType = sourcecode.c.h; path = package_info.h; sourceTree = "<group>"; };
		4BF9D48D1FB32FD300350B97 /* time_util.cc */ = {isa = PBXFileReference; fileEncoding = 4; lastKnownFileType = sourcecode.cpp.cpp; path = time_util.cc; sourceTree = "<group>"; };
		4BF9D48E1FB32FD300350B97 /* time_util.h */ = {isa = PBXFileReference; fileEncoding = 4; lastKnownFileType = sourcecode.c.h; path = time_util.h; sourceTree = "<group>"; };
		4BF9D48F1FB32FD300350B97 /* type_resolver.h */ = {isa = PBXFileReference; fileEncoding = 4; lastKnownFileType = sourcecode.c.h; path = type_resolver.h; sourceTree = "<group>"; };
		4BF9D4901FB32FD300350B97 /* type_resolver_util.cc */ = {isa = PBXFileReference; fileEncoding = 4; lastKnownFileType = sourcecode.cpp.cpp; path = type_resolver_util.cc; sourceTree = "<group>"; };
		4BF9D4911FB32FD300350B97 /* type_resolver_util.h */ = {isa = PBXFileReference; fileEncoding = 4; lastKnownFileType = sourcecode.c.h; path = type_resolver_util.h; sourceTree = "<group>"; };
		4BF9D4921FB32FD300350B97 /* wire_format.cc */ = {isa = PBXFileReference; fileEncoding = 4; lastKnownFileType = sourcecode.cpp.cpp; path = wire_format.cc; sourceTree = "<group>"; };
		4BF9D4931FB32FD300350B97 /* wire_format.h */ = {isa = PBXFileReference; fileEncoding = 4; lastKnownFileType = sourcecode.c.h; path = wire_format.h; sourceTree = "<group>"; };
		4BF9D4941FB32FD300350B97 /* wire_format_lite.cc */ = {isa = PBXFileReference; fileEncoding = 4; lastKnownFileType = sourcecode.cpp.cpp; path = wire_format_lite.cc; sourceTree = "<group>"; };
		4BF9D4951FB32FD300350B97 /* wire_format_lite.h */ = {isa = PBXFileReference; fileEncoding = 4; lastKnownFileType = sourcecode.c.h; path = wire_format_lite.h; sourceTree = "<group>"; };
		4BF9D4961FB32FD300350B97 /* wire_format_lite_inl.h */ = {isa = PBXFileReference; fileEncoding = 4; lastKnownFileType = sourcecode.c.h; path = wire_format_lite_inl.h; sourceTree = "<group>"; };
		4BF9D4971FB32FD300350B97 /* wrappers.pb.cc */ = {isa = PBXFileReference; fileEncoding = 4; lastKnownFileType = sourcecode.cpp.cpp; path = wrappers.pb.cc; sourceTree = "<group>"; };
		4BF9D4981FB32FD300350B97 /* wrappers.pb.h */ = {isa = PBXFileReference; fileEncoding = 4; lastKnownFileType = sourcecode.c.h; path = wrappers.pb.h; sourceTree = "<group>"; };
		4BF9D4991FB32FD300350B97 /* wrappers.proto */ = {isa = PBXFileReference; fileEncoding = 4; lastKnownFileType = text; path = wrappers.proto; sourceTree = "<group>"; };
/* End PBXFileReference section */

/* Begin PBXFrameworksBuildPhase section */
		4B28FAF01FB3007B003E7693 /* Frameworks */ = {
			isa = PBXFrameworksBuildPhase;
			buildActionMask = 2147483647;
			files = (
				4BF9C9EA1FB3081100350B97 /* libstdc++.tbd in Frameworks */,
				4BF9C9E71FB3072A00350B97 /* libProtocolBuffer.a in Frameworks */,
			);
			runOnlyForDeploymentPostprocessing = 0;
		};
		4B8D4FBA1D45E3E8005BE82A /* Frameworks */ = {
			isa = PBXFrameworksBuildPhase;
			buildActionMask = 2147483647;
			files = (
			);
			runOnlyForDeploymentPostprocessing = 0;
		};
/* End PBXFrameworksBuildPhase section */

/* Begin PBXGroup section */
		4B28FAF41FB3007B003E7693 /* Test */ = {
			isa = PBXGroup;
			children = (
				4B28FAF51FB3007B003E7693 /* AppDelegate.swift */,
				4B28FAF71FB3007B003E7693 /* ViewController.swift */,
				4B28FAF91FB3007B003E7693 /* Main.storyboard */,
				4B28FAFC1FB3007B003E7693 /* Assets.xcassets */,
				4B28FAFE1FB3007B003E7693 /* LaunchScreen.storyboard */,
				4B28FB011FB3007B003E7693 /* Info.plist */,
			);
			path = Test;
			sourceTree = "<group>";
		};
		4B8D4FB41D45E3E8005BE82A = {
			isa = PBXGroup;
			children = (
				4B28FB091FB30440003E7693 /* Message.pb.cc */,
				4B28FB0A1FB30440003E7693 /* Message.pb.h */,
				4B28FB071FB30177003E7693 /* BridgeFile.h */,
				4B28FAED1FB2FBD9003E7693 /* Message.proto */,
				4B8D4FBF1D45E3E9005BE82A /* ProtocolBuffer */,
				4B28FAF41FB3007B003E7693 /* Test */,
				4B8D4FBE1D45E3E8005BE82A /* Products */,
				4BF9C9E81FB3081100350B97 /* Frameworks */,
			);
			sourceTree = "<group>";
		};
		4B8D4FBE1D45E3E8005BE82A /* Products */ = {
			isa = PBXGroup;
			children = (
				4B8D4FBD1D45E3E8005BE82A /* libProtocolBuffer.a */,
				4B28FAF31FB3007B003E7693 /* Test.app */,
			);
			name = Products;
			sourceTree = "<group>";
		};
		4B8D4FBF1D45E3E9005BE82A /* ProtocolBuffer */ = {
			isa = PBXGroup;
			children = (
				4B28FB081FB302E5003E7693 /* makeProto.sh */,
				4BF9D3C11FB32FD300350B97 /* google */,
			);
			path = ProtocolBuffer;
			sourceTree = "<group>";
		};
		4BF9C9E81FB3081100350B97 /* Frameworks */ = {
			isa = PBXGroup;
			children = (
				4BF9C9E91FB3081100350B97 /* libstdc++.tbd */,
			);
			name = Frameworks;
			sourceTree = "<group>";
		};
		4BF9D3C11FB32FD300350B97 /* google */ = {
			isa = PBXGroup;
			children = (
				4BF9D3C21FB32FD300350B97 /* protobuf */,
			);
			path = google;
			sourceTree = "<group>";
		};
		4BF9D3C21FB32FD300350B97 /* protobuf */ = {
			isa = PBXGroup;
			children = (
				4BF9D3C31FB32FD300350B97 /* any.cc */,
				4BF9D3C41FB32FD300350B97 /* any.h */,
				4BF9D3C51FB32FD300350B97 /* any.pb.cc */,
				4BF9D3C61FB32FD300350B97 /* any.pb.h */,
				4BF9D3C71FB32FD300350B97 /* any.proto */,
				4BF9D3C81FB32FD300350B97 /* arena.cc */,
				4BF9D3C91FB32FD300350B97 /* arena.h */,
				4BF9D3CA1FB32FD300350B97 /* arenastring.cc */,
				4BF9D3CB1FB32FD300350B97 /* arenastring.h */,
				4BF9D3CC1FB32FD300350B97 /* descriptor.cc */,
				4BF9D3CD1FB32FD300350B97 /* descriptor.h */,
				4BF9D3CE1FB32FD300350B97 /* descriptor.pb.cc */,
				4BF9D3CF1FB32FD300350B97 /* descriptor.pb.h */,
				4BF9D3D01FB32FD300350B97 /* descriptor.proto */,
				4BF9D3D11FB32FD300350B97 /* descriptor_database.cc */,
				4BF9D3D21FB32FD300350B97 /* descriptor_database.h */,
				4BF9D3D31FB32FD300350B97 /* duration.pb.cc */,
				4BF9D3D41FB32FD300350B97 /* duration.pb.h */,
				4BF9D3D51FB32FD300350B97 /* duration.proto */,
				4BF9D3D61FB32FD300350B97 /* dynamic_message.cc */,
				4BF9D3D71FB32FD300350B97 /* dynamic_message.h */,
				4BF9D3D81FB32FD300350B97 /* empty.pb.cc */,
				4BF9D3D91FB32FD300350B97 /* empty.pb.h */,
				4BF9D3DA1FB32FD300350B97 /* empty.proto */,
				4BF9D3DB1FB32FD300350B97 /* extension_set.cc */,
				4BF9D3DC1FB32FD300350B97 /* extension_set.h */,
				4BF9D3DD1FB32FD300350B97 /* extension_set_heavy.cc */,
				4BF9D3DE1FB32FD300350B97 /* field_mask.pb.cc */,
				4BF9D3DF1FB32FD300350B97 /* field_mask.pb.h */,
				4BF9D3E01FB32FD300350B97 /* field_mask.proto */,
				4BF9D3E11FB32FD300350B97 /* generated_enum_reflection.h */,
				4BF9D3E21FB32FD300350B97 /* generated_enum_util.h */,
				4BF9D3E31FB32FD300350B97 /* generated_message_reflection.cc */,
				4BF9D3E41FB32FD300350B97 /* generated_message_reflection.h */,
				4BF9D3E51FB32FD300350B97 /* generated_message_table_driven.cc */,
				4BF9D3E61FB32FD300350B97 /* generated_message_table_driven.h */,
				4BF9D3E71FB32FD300350B97 /* generated_message_util.cc */,
				4BF9D3E81FB32FD300350B97 /* generated_message_util.h */,
				4BF9D3E91FB32FD300350B97 /* has_bits.h */,
				4BF9D3EA1FB32FD300350B97 /* io */,
				4BF9D3FD1FB32FD300350B97 /* map.h */,
				4BF9D3FE1FB32FD300350B97 /* map_entry.h */,
				4BF9D3FF1FB32FD300350B97 /* map_entry_lite.h */,
				4BF9D4001FB32FD300350B97 /* map_field.cc */,
				4BF9D4011FB32FD300350B97 /* map_field.h */,
				4BF9D4021FB32FD300350B97 /* map_field_inl.h */,
				4BF9D4031FB32FD300350B97 /* map_field_lite.h */,
				4BF9D4041FB32FD300350B97 /* map_type_handler.h */,
				4BF9D4051FB32FD300350B97 /* message.cc */,
				4BF9D4061FB32FD300350B97 /* message.h */,
				4BF9D4071FB32FD300350B97 /* message_lite.cc */,
				4BF9D4081FB32FD300350B97 /* message_lite.h */,
				4BF9D4091FB32FD300350B97 /* metadata.h */,
				4BF9D40A1FB32FD300350B97 /* metadata_lite.h */,
				4BF9D40B1FB32FD300350B97 /* package_info.h */,
				4BF9D40C1FB32FD300350B97 /* reflection.h */,
				4BF9D40D1FB32FD300350B97 /* reflection_internal.h */,
				4BF9D40E1FB32FD300350B97 /* reflection_ops.cc */,
				4BF9D40F1FB32FD300350B97 /* reflection_ops.h */,
				4BF9D4101FB32FD300350B97 /* repeated_field.cc */,
				4BF9D4111FB32FD300350B97 /* repeated_field.h */,
				4BF9D4121FB32FD300350B97 /* service.cc */,
				4BF9D4131FB32FD300350B97 /* service.h */,
				4BF9D4141FB32FD300350B97 /* source_context.pb.cc */,
				4BF9D4151FB32FD300350B97 /* source_context.pb.h */,
				4BF9D4161FB32FD300350B97 /* source_context.proto */,
				4BF9D4171FB32FD300350B97 /* struct.pb.cc */,
				4BF9D4181FB32FD300350B97 /* struct.pb.h */,
				4BF9D4191FB32FD300350B97 /* struct.proto */,
				4BF9D41A1FB32FD300350B97 /* stubs */,
				4BF9D4571FB32FD300350B97 /* text_format.cc */,
				4BF9D4581FB32FD300350B97 /* text_format.h */,
				4BF9D4591FB32FD300350B97 /* timestamp.pb.cc */,
				4BF9D45A1FB32FD300350B97 /* timestamp.pb.h */,
				4BF9D45B1FB32FD300350B97 /* timestamp.proto */,
				4BF9D45C1FB32FD300350B97 /* type.pb.cc */,
				4BF9D45D1FB32FD300350B97 /* type.pb.h */,
				4BF9D45E1FB32FD300350B97 /* type.proto */,
				4BF9D45F1FB32FD300350B97 /* unknown_field_set.cc */,
				4BF9D4601FB32FD300350B97 /* unknown_field_set.h */,
				4BF9D4611FB32FD300350B97 /* util */,
				4BF9D4921FB32FD300350B97 /* wire_format.cc */,
				4BF9D4931FB32FD300350B97 /* wire_format.h */,
				4BF9D4941FB32FD300350B97 /* wire_format_lite.cc */,
				4BF9D4951FB32FD300350B97 /* wire_format_lite.h */,
				4BF9D4961FB32FD300350B97 /* wire_format_lite_inl.h */,
				4BF9D4971FB32FD300350B97 /* wrappers.pb.cc */,
				4BF9D4981FB32FD300350B97 /* wrappers.pb.h */,
				4BF9D4991FB32FD300350B97 /* wrappers.proto */,
			);
			path = protobuf;
			sourceTree = "<group>";
		};
		4BF9D3EA1FB32FD300350B97 /* io */ = {
			isa = PBXGroup;
			children = (
				4BF9D3EB1FB32FD300350B97 /* coded_stream.cc */,
				4BF9D3EC1FB32FD300350B97 /* coded_stream.h */,
				4BF9D3ED1FB32FD300350B97 /* coded_stream_inl.h */,
				4BF9D3EE1FB32FD300350B97 /* gzip_stream.cc */,
				4BF9D3EF1FB32FD300350B97 /* gzip_stream.h */,
				4BF9D3F01FB32FD300350B97 /* package_info.h */,
				4BF9D3F11FB32FD300350B97 /* printer.cc */,
				4BF9D3F21FB32FD300350B97 /* printer.h */,
				4BF9D3F31FB32FD300350B97 /* strtod.cc */,
				4BF9D3F41FB32FD300350B97 /* strtod.h */,
				4BF9D3F51FB32FD300350B97 /* tokenizer.cc */,
				4BF9D3F61FB32FD300350B97 /* tokenizer.h */,
				4BF9D3F71FB32FD300350B97 /* zero_copy_stream.cc */,
				4BF9D3F81FB32FD300350B97 /* zero_copy_stream.h */,
				4BF9D3F91FB32FD300350B97 /* zero_copy_stream_impl.cc */,
				4BF9D3FA1FB32FD300350B97 /* zero_copy_stream_impl.h */,
				4BF9D3FB1FB32FD300350B97 /* zero_copy_stream_impl_lite.cc */,
				4BF9D3FC1FB32FD300350B97 /* zero_copy_stream_impl_lite.h */,
			);
			path = io;
			sourceTree = "<group>";
		};
		4BF9D41A1FB32FD300350B97 /* stubs */ = {
			isa = PBXGroup;
			children = (
				4BF9D41B1FB32FD300350B97 /* atomic_sequence_num.h */,
				4BF9D41C1FB32FD300350B97 /* atomicops.h */,
				4BF9D41D1FB32FD300350B97 /* atomicops_internals_arm64_gcc.h */,
				4BF9D41E1FB32FD300350B97 /* atomicops_internals_arm_gcc.h */,
				4BF9D41F1FB32FD300350B97 /* atomicops_internals_arm_qnx.h */,
				4BF9D4201FB32FD300350B97 /* atomicops_internals_atomicword_compat.h */,
				4BF9D4211FB32FD300350B97 /* atomicops_internals_generic_c11_atomic.h */,
				4BF9D4221FB32FD300350B97 /* atomicops_internals_generic_gcc.h */,
				4BF9D4231FB32FD300350B97 /* atomicops_internals_mips_gcc.h */,
				4BF9D4241FB32FD300350B97 /* atomicops_internals_power.h */,
				4BF9D4251FB32FD300350B97 /* atomicops_internals_ppc_gcc.h */,
				4BF9D4261FB32FD300350B97 /* atomicops_internals_solaris.h */,
				4BF9D4271FB32FD300350B97 /* atomicops_internals_tsan.h */,
				4BF9D4281FB32FD300350B97 /* atomicops_internals_x86_gcc.cc */,
				4BF9D4291FB32FD300350B97 /* atomicops_internals_x86_gcc.h */,
				4BF9D42A1FB32FD300350B97 /* atomicops_internals_x86_msvc.cc */,
				4BF9D42B1FB32FD300350B97 /* atomicops_internals_x86_msvc.h */,
				4BF9D42C1FB32FD300350B97 /* bytestream.cc */,
				4BF9D42D1FB32FD300350B97 /* bytestream.h */,
				4BF9D42E1FB32FD300350B97 /* callback.h */,
				4BF9D42F1FB32FD300350B97 /* casts.h */,
				4BF9D4301FB32FD300350B97 /* common.cc */,
				4BF9D4311FB32FD300350B97 /* common.h */,
				4BF9D4321FB32FD300350B97 /* fastmem.h */,
				4BF9D4331FB32FD300350B97 /* hash.h */,
				4BF9D4341FB32FD300350B97 /* int128.cc */,
				4BF9D4351FB32FD300350B97 /* int128.h */,
				4BF9D4361FB32FD300350B97 /* logging.h */,
				4BF9D4371FB32FD300350B97 /* macros.h */,
				4BF9D4381FB32FD300350B97 /* map_util.h */,
				4BF9D4391FB32FD300350B97 /* mathlimits.cc */,
				4BF9D43A1FB32FD300350B97 /* mathlimits.h */,
				4BF9D43B1FB32FD300350B97 /* mathutil.h */,
				4BF9D43C1FB32FD300350B97 /* mutex.h */,
				4BF9D43D1FB32FD300350B97 /* once.cc */,
				4BF9D43E1FB32FD300350B97 /* once.h */,
				4BF9D43F1FB32FD300350B97 /* platform_macros.h */,
				4BF9D4401FB32FD300350B97 /* port.h */,
				4BF9D4411FB32FD300350B97 /* scoped_ptr.h */,
				4BF9D4421FB32FD300350B97 /* shared_ptr.h */,
				4BF9D4431FB32FD300350B97 /* singleton.h */,
				4BF9D4441FB32FD300350B97 /* status.cc */,
				4BF9D4451FB32FD300350B97 /* status.h */,
				4BF9D4461FB32FD300350B97 /* status_macros.h */,
				4BF9D4471FB32FD300350B97 /* statusor.cc */,
				4BF9D4481FB32FD300350B97 /* statusor.h */,
				4BF9D4491FB32FD300350B97 /* stl_util.h */,
				4BF9D44A1FB32FD300350B97 /* stringpiece.cc */,
				4BF9D44B1FB32FD300350B97 /* stringpiece.h */,
				4BF9D44C1FB32FD300350B97 /* stringprintf.cc */,
				4BF9D44D1FB32FD300350B97 /* stringprintf.h */,
				4BF9D44E1FB32FD300350B97 /* structurally_valid.cc */,
				4BF9D44F1FB32FD300350B97 /* strutil.cc */,
				4BF9D4501FB32FD300350B97 /* strutil.h */,
				4BF9D4511FB32FD300350B97 /* substitute.cc */,
				4BF9D4521FB32FD300350B97 /* substitute.h */,
				4BF9D4531FB32FD300350B97 /* template_util.h */,
				4BF9D4541FB32FD300350B97 /* time.cc */,
				4BF9D4551FB32FD300350B97 /* time.h */,
				4BF9D4561FB32FD300350B97 /* type_traits.h */,
			);
			path = stubs;
			sourceTree = "<group>";
		};
		4BF9D4611FB32FD300350B97 /* util */ = {
			isa = PBXGroup;
			children = (
				4BF9D4621FB32FD300350B97 /* delimited_message_util.cc */,
				4BF9D4631FB32FD300350B97 /* delimited_message_util.h */,
				4BF9D4641FB32FD300350B97 /* field_comparator.cc */,
				4BF9D4651FB32FD300350B97 /* field_comparator.h */,
				4BF9D4661FB32FD300350B97 /* field_mask_util.cc */,
				4BF9D4671FB32FD300350B97 /* field_mask_util.h */,
				4BF9D4681FB32FD300350B97 /* internal */,
				4BF9D4881FB32FD300350B97 /* json_util.cc */,
				4BF9D4891FB32FD300350B97 /* json_util.h */,
				4BF9D48A1FB32FD300350B97 /* message_differencer.cc */,
				4BF9D48B1FB32FD300350B97 /* message_differencer.h */,
				4BF9D48C1FB32FD300350B97 /* package_info.h */,
				4BF9D48D1FB32FD300350B97 /* time_util.cc */,
				4BF9D48E1FB32FD300350B97 /* time_util.h */,
				4BF9D48F1FB32FD300350B97 /* type_resolver.h */,
				4BF9D4901FB32FD300350B97 /* type_resolver_util.cc */,
				4BF9D4911FB32FD300350B97 /* type_resolver_util.h */,
			);
			path = util;
			sourceTree = "<group>";
		};
		4BF9D4681FB32FD300350B97 /* internal */ = {
			isa = PBXGroup;
			children = (
				4BF9D4691FB32FD300350B97 /* constants.h */,
				4BF9D46A1FB32FD300350B97 /* datapiece.cc */,
				4BF9D46B1FB32FD300350B97 /* datapiece.h */,
				4BF9D46C1FB32FD300350B97 /* default_value_objectwriter.cc */,
				4BF9D46D1FB32FD300350B97 /* default_value_objectwriter.h */,
				4BF9D46E1FB32FD300350B97 /* error_listener.cc */,
				4BF9D46F1FB32FD300350B97 /* error_listener.h */,
				4BF9D4701FB32FD300350B97 /* field_mask_utility.cc */,
				4BF9D4711FB32FD300350B97 /* field_mask_utility.h */,
				4BF9D4721FB32FD300350B97 /* json_escaping.cc */,
				4BF9D4731FB32FD300350B97 /* json_escaping.h */,
				4BF9D4741FB32FD300350B97 /* json_objectwriter.cc */,
				4BF9D4751FB32FD300350B97 /* json_objectwriter.h */,
				4BF9D4761FB32FD300350B97 /* json_stream_parser.cc */,
				4BF9D4771FB32FD300350B97 /* json_stream_parser.h */,
				4BF9D4781FB32FD300350B97 /* location_tracker.h */,
				4BF9D4791FB32FD300350B97 /* object_location_tracker.h */,
				4BF9D47A1FB32FD300350B97 /* object_source.h */,
				4BF9D47B1FB32FD300350B97 /* object_writer.cc */,
				4BF9D47C1FB32FD300350B97 /* object_writer.h */,
				4BF9D47D1FB32FD300350B97 /* proto_writer.cc */,
				4BF9D47E1FB32FD300350B97 /* proto_writer.h */,
				4BF9D47F1FB32FD300350B97 /* protostream_objectsource.cc */,
				4BF9D4801FB32FD300350B97 /* protostream_objectsource.h */,
				4BF9D4811FB32FD300350B97 /* protostream_objectwriter.cc */,
				4BF9D4821FB32FD300350B97 /* protostream_objectwriter.h */,
				4BF9D4831FB32FD300350B97 /* structured_objectwriter.h */,
				4BF9D4841FB32FD300350B97 /* type_info.cc */,
				4BF9D4851FB32FD300350B97 /* type_info.h */,
				4BF9D4861FB32FD300350B97 /* utility.cc */,
				4BF9D4871FB32FD300350B97 /* utility.h */,
			);
			path = internal;
			sourceTree = "<group>";
		};
/* End PBXGroup section */

/* Begin PBXNativeTarget section */
		4B28FAF21FB3007B003E7693 /* Test */ = {
			isa = PBXNativeTarget;
			buildConfigurationList = 4B28FB021FB3007B003E7693 /* Build configuration list for PBXNativeTarget "Test" */;
			buildPhases = (
				4B28FAEF1FB3007B003E7693 /* Sources */,
				4B28FAF01FB3007B003E7693 /* Frameworks */,
				4B28FAF11FB3007B003E7693 /* Resources */,
				4BF9D0CE1FB32C2700350B97 /* Embed Frameworks */,
			);
			buildRules = (
			);
			dependencies = (
				4BF9C9EC1FB30A3B00350B97 /* PBXTargetDependency */,
			);
			name = Test;
			productName = Test;
			productReference = 4B28FAF31FB3007B003E7693 /* Test.app */;
			productType = "com.apple.product-type.application";
		};
		4B8D4FBC1D45E3E8005BE82A /* ProtocolBuffer */ = {
			isa = PBXNativeTarget;
			buildConfigurationList = 4B8D4FC61D45E3E9005BE82A /* Build configuration list for PBXNativeTarget "ProtocolBuffer" */;
			buildPhases = (
				4B8D4FB91D45E3E8005BE82A /* Sources */,
				4B8D4FBA1D45E3E8005BE82A /* Frameworks */,
				4B8D4FBB1D45E3E8005BE82A /* CopyFiles */,
			);
			buildRules = (
			);
			dependencies = (
			);
			name = ProtocolBuffer;
			productName = ProtocolBuffer;
			productReference = 4B8D4FBD1D45E3E8005BE82A /* libProtocolBuffer.a */;
			productType = "com.apple.product-type.library.static";
		};
/* End PBXNativeTarget section */

/* Begin PBXProject section */
		4B8D4FB51D45E3E8005BE82A /* Project object */ = {
			isa = PBXProject;
			attributes = {
				LastSwiftUpdateCheck = 0830;
				LastUpgradeCheck = 0730;
				ORGANIZATIONNAME = wolfpeng;
				TargetAttributes = {
					4B28FAF21FB3007B003E7693 = {
						CreatedOnToolsVersion = 8.3.3;
						DevelopmentTeam = 3FQZ84DGYW;
						ProvisioningStyle = Automatic;
					};
					4B8D4FBC1D45E3E8005BE82A = {
						CreatedOnToolsVersion = 7.3.1;
					};
				};
			};
			buildConfigurationList = 4B8D4FB81D45E3E8005BE82A /* Build configuration list for PBXProject "ProtocolBuffer" */;
			compatibilityVersion = "Xcode 3.2";
			developmentRegion = English;
			hasScannedForEncodings = 0;
			knownRegions = (
				en,
				Base,
			);
			mainGroup = 4B8D4FB41D45E3E8005BE82A;
			productRefGroup = 4B8D4FBE1D45E3E8005BE82A /* Products */;
			projectDirPath = "";
			projectRoot = "";
			targets = (
				4B8D4FBC1D45E3E8005BE82A /* ProtocolBuffer */,
				4B28FAF21FB3007B003E7693 /* Test */,
			);
		};
/* End PBXProject section */

/* Begin PBXResourcesBuildPhase section */
		4B28FAF11FB3007B003E7693 /* Resources */ = {
			isa = PBXResourcesBuildPhase;
			buildActionMask = 2147483647;
			files = (
				4B28FB001FB3007B003E7693 /* LaunchScreen.storyboard in Resources */,
				4B28FAFD1FB3007B003E7693 /* Assets.xcassets in Resources */,
				4B28FAFB1FB3007B003E7693 /* Main.storyboard in Resources */,
			);
			runOnlyForDeploymentPostprocessing = 0;
		};
/* End PBXResourcesBuildPhase section */

/* Begin PBXSourcesBuildPhase section */
		4B28FAEF1FB3007B003E7693 /* Sources */ = {
			isa = PBXSourcesBuildPhase;
			buildActionMask = 2147483647;
			files = (
				4B28FAF81FB3007B003E7693 /* ViewController.swift in Sources */,
				4B28FAF61FB3007B003E7693 /* AppDelegate.swift in Sources */,
			);
			runOnlyForDeploymentPostprocessing = 0;
		};
		4B8D4FB91D45E3E8005BE82A /* Sources */ = {
			isa = PBXSourcesBuildPhase;
			buildActionMask = 2147483647;
			files = (
				4BF9D54E1FB32FD300350B97 /* structurally_valid.cc in Sources */,
				4BF9D5941FB32FD300350B97 /* protostream_objectwriter.cc in Sources */,
				4BF9D5821FB32FD300350B97 /* json_objectwriter.cc in Sources */,
				4BF9D4C71FB32FD300350B97 /* generated_message_reflection.cc in Sources */,
				4BF9D5231FB32FD300350B97 /* bytestream.cc in Sources */,
				4BF9D54B1FB32FD300350B97 /* stringprintf.cc in Sources */,
				4BF9D5661FB32FD300350B97 /* unknown_field_set.cc in Sources */,
				4BF9D4B11FB32FD300350B97 /* duration.pb.cc in Sources */,
				4BF9D4A71FB32FD300350B97 /* descriptor.cc in Sources */,
				4BF9D5981FB32FD300350B97 /* type_info.cc in Sources */,
				4BF9D4DC1FB32FD300350B97 /* strtod.cc in Sources */,
				4BF9D5A91FB32FD300350B97 /* type_resolver_util.cc in Sources */,
				4BF9D58E1FB32FD300350B97 /* proto_writer.cc in Sources */,
				4BF9D4D51FB32FD300350B97 /* gzip_stream.cc in Sources */,
				4BF9D5441FB32FD300350B97 /* statusor.cc in Sources */,
				4BF9D56F1FB32FD300350B97 /* field_mask_util.cc in Sources */,
				4BF9D55B1FB32FD300350B97 /* text_format.cc in Sources */,
				4BF9D4D91FB32FD300350B97 /* printer.cc in Sources */,
				4BF9D5081FB32FD300350B97 /* source_context.pb.cc in Sources */,
				4BF9D5021FB32FD300350B97 /* repeated_field.cc in Sources */,
				4BF9D5381FB32FD300350B97 /* once.cc in Sources */,
				4BF9D5531FB32FD300350B97 /* substitute.cc in Sources */,
				4BF9D4C11FB32FD300350B97 /* field_mask.pb.cc in Sources */,
				4BF9D5281FB32FD300350B97 /* common.cc in Sources */,
				4BF9D4F41FB32FD300350B97 /* message.cc in Sources */,
				4BF9D5AC1FB32FD300350B97 /* wire_format.cc in Sources */,
				4BF9D5691FB32FD300350B97 /* delimited_message_util.cc in Sources */,
				4BF9D4DF1FB32FD300350B97 /* tokenizer.cc in Sources */,
				4BF9D5331FB32FD300350B97 /* mathlimits.cc in Sources */,
				4BF9D5851FB32FD300350B97 /* json_stream_parser.cc in Sources */,
				4BF9D57C1FB32FD300350B97 /* field_mask_utility.cc in Sources */,
				4BF9D4BC1FB32FD300350B97 /* extension_set.cc in Sources */,
				4BF9D55E1FB32FD300350B97 /* timestamp.pb.cc in Sources */,
				4BF9D4B81FB32FD300350B97 /* empty.pb.cc in Sources */,
				4BF9D4FF1FB32FD300350B97 /* reflection_ops.cc in Sources */,
				4BF9D5A11FB32FD300350B97 /* message_differencer.cc in Sources */,
				4BF9D4A41FB32FD300350B97 /* arenastring.cc in Sources */,
				4BF9D5401FB32FD300350B97 /* status.cc in Sources */,
				4BF9D4B51FB32FD300350B97 /* dynamic_message.cc in Sources */,
				4BF9D5051FB32FD300350B97 /* service.cc in Sources */,
				4BF9D57F1FB32FD300350B97 /* json_escaping.cc in Sources */,
				4BF9D4F71FB32FD300350B97 /* message_lite.cc in Sources */,
				4B28FB0B1FB30440003E7693 /* Message.pb.cc in Sources */,
				4BF9D5791FB32FD300350B97 /* error_listener.cc in Sources */,
				4BF9D50C1FB32FD300350B97 /* struct.pb.cc in Sources */,
				4BF9D5911FB32FD300350B97 /* protostream_objectsource.cc in Sources */,
				4BF9D4CA1FB32FD300350B97 /* generated_message_table_driven.cc in Sources */,
				4BF9D4AA1FB32FD300350B97 /* descriptor.pb.cc in Sources */,
				4BF9D51D1FB32FD300350B97 /* atomicops_internals_x86_gcc.cc in Sources */,
				4BF9D4CD1FB32FD300350B97 /* generated_message_util.cc in Sources */,
				4BF9D52D1FB32FD300350B97 /* int128.cc in Sources */,
				4BF9D4BF1FB32FD300350B97 /* extension_set_heavy.cc in Sources */,
				4BF9D49D1FB32FD300350B97 /* any.pb.cc in Sources */,
				4BF9D5731FB32FD300350B97 /* datapiece.cc in Sources */,
				4BF9D5201FB32FD300350B97 /* atomicops_internals_x86_msvc.cc in Sources */,
				4BF9D4E81FB32FD300350B97 /* zero_copy_stream_impl_lite.cc in Sources */,
				4BF9D56C1FB32FD300350B97 /* field_comparator.cc in Sources */,
				4BF9D5481FB32FD300350B97 /* stringpiece.cc in Sources */,
				4BF9D4E51FB32FD300350B97 /* zero_copy_stream_impl.cc in Sources */,
				4BF9D4A11FB32FD300350B97 /* arena.cc in Sources */,
				4BF9D4AE1FB32FD300350B97 /* descriptor_database.cc in Sources */,
				4BF9D59B1FB32FD300350B97 /* utility.cc in Sources */,
				4BF9D5A51FB32FD300350B97 /* time_util.cc in Sources */,
				4BF9D5621FB32FD300350B97 /* type.pb.cc in Sources */,
				4BF9D58B1FB32FD300350B97 /* object_writer.cc in Sources */,
				4BF9D4EE1FB32FD300350B97 /* map_field.cc in Sources */,
				4BF9D5B31FB32FD300350B97 /* wrappers.pb.cc in Sources */,
				4BF9D4E21FB32FD300350B97 /* zero_copy_stream.cc in Sources */,
				4BF9D5571FB32FD300350B97 /* time.cc in Sources */,
				4BF9D4D11FB32FD300350B97 /* coded_stream.cc in Sources */,
				4BF9D5761FB32FD300350B97 /* default_value_objectwriter.cc in Sources */,
				4BF9D49A1FB32FD300350B97 /* any.cc in Sources */,
				4BF9D5501FB32FD300350B97 /* strutil.cc in Sources */,
				4BF9D59E1FB32FD300350B97 /* json_util.cc in Sources */,
				4BF9D5AF1FB32FD300350B97 /* wire_format_lite.cc in Sources */,
			);
			runOnlyForDeploymentPostprocessing = 0;
		};
/* End PBXSourcesBuildPhase section */

/* Begin PBXTargetDependency section */
		4BF9C9EC1FB30A3B00350B97 /* PBXTargetDependency */ = {
			isa = PBXTargetDependency;
			target = 4B8D4FBC1D45E3E8005BE82A /* ProtocolBuffer */;
			targetProxy = 4BF9C9EB1FB30A3B00350B97 /* PBXContainerItemProxy */;
		};
/* End PBXTargetDependency section */

/* Begin PBXVariantGroup section */
		4B28FAF91FB3007B003E7693 /* Main.storyboard */ = {
			isa = PBXVariantGroup;
			children = (
				4B28FAFA1FB3007B003E7693 /* Base */,
			);
			name = Main.storyboard;
			sourceTree = "<group>";
		};
		4B28FAFE1FB3007B003E7693 /* LaunchScreen.storyboard */ = {
			isa = PBXVariantGroup;
			children = (
				4B28FAFF1FB3007B003E7693 /* Base */,
			);
			name = LaunchScreen.storyboard;
			sourceTree = "<group>";
		};
/* End PBXVariantGroup section */

/* Begin XCBuildConfiguration section */
		4B28FB031FB3007B003E7693 /* Debug */ = {
			isa = XCBuildConfiguration;
			buildSettings = {
				ASSETCATALOG_COMPILER_APPICON_NAME = AppIcon;
				CLANG_ANALYZER_NUMBER_OBJECT_CONVERSION = YES_AGGRESSIVE;
				CLANG_WARN_DOCUMENTATION_COMMENTS = YES;
				CLANG_WARN_INFINITE_RECURSION = YES;
				CLANG_WARN_SUSPICIOUS_MOVE = YES;
				DEVELOPMENT_TEAM = 3FQZ84DGYW;
				INFOPLIST_FILE = Test/Info.plist;
				IPHONEOS_DEPLOYMENT_TARGET = 10.3;
				LD_RUNPATH_SEARCH_PATHS = "$(inherited) @executable_path/Frameworks";
				PRODUCT_BUNDLE_IDENTIFIER = com.wolfpeng.Test;
				PRODUCT_NAME = "$(TARGET_NAME)";
				SWIFT_ACTIVE_COMPILATION_CONDITIONS = DEBUG;
				SWIFT_OBJC_BRIDGING_HEADER = BridgeFile.h;
				SWIFT_OPTIMIZATION_LEVEL = "-Onone";
				SWIFT_VERSION = 3.0;
				TARGETED_DEVICE_FAMILY = "1,2";
			};
			name = Debug;
		};
		4B28FB041FB3007B003E7693 /* Release */ = {
			isa = XCBuildConfiguration;
			buildSettings = {
				ASSETCATALOG_COMPILER_APPICON_NAME = AppIcon;
				CLANG_ANALYZER_NUMBER_OBJECT_CONVERSION = YES_AGGRESSIVE;
				CLANG_WARN_DOCUMENTATION_COMMENTS = YES;
				CLANG_WARN_INFINITE_RECURSION = YES;
				CLANG_WARN_SUSPICIOUS_MOVE = YES;
				DEVELOPMENT_TEAM = 3FQZ84DGYW;
				INFOPLIST_FILE = Test/Info.plist;
				IPHONEOS_DEPLOYMENT_TARGET = 10.3;
				LD_RUNPATH_SEARCH_PATHS = "$(inherited) @executable_path/Frameworks";
				PRODUCT_BUNDLE_IDENTIFIER = com.wolfpeng.Test;
				PRODUCT_NAME = "$(TARGET_NAME)";
				SWIFT_OBJC_BRIDGING_HEADER = BridgeFile.h;
				SWIFT_OPTIMIZATION_LEVEL = "-Owholemodule";
				SWIFT_VERSION = 3.0;
				TARGETED_DEVICE_FAMILY = "1,2";
			};
			name = Release;
		};
		4B8D4FC41D45E3E9005BE82A /* Debug */ = {
			isa = XCBuildConfiguration;
			buildSettings = {
				ALWAYS_SEARCH_USER_PATHS = NO;
				CLANG_ANALYZER_NONNULL = YES;
				CLANG_CXX_LANGUAGE_STANDARD = "gnu++0x";
				CLANG_CXX_LIBRARY = "libc++";
				CLANG_ENABLE_MODULES = YES;
				CLANG_ENABLE_OBJC_ARC = YES;
				CLANG_WARN_BOOL_CONVERSION = YES;
				CLANG_WARN_CONSTANT_CONVERSION = YES;
				CLANG_WARN_DIRECT_OBJC_ISA_USAGE = YES_ERROR;
				CLANG_WARN_EMPTY_BODY = YES;
				CLANG_WARN_ENUM_CONVERSION = YES;
				CLANG_WARN_INT_CONVERSION = YES;
				CLANG_WARN_OBJC_ROOT_CLASS = YES_ERROR;
				CLANG_WARN_UNREACHABLE_CODE = YES;
				CLANG_WARN__DUPLICATE_METHOD_MATCH = YES;
				"CODE_SIGN_IDENTITY[sdk=iphoneos*]" = "iPhone Developer";
				COPY_PHASE_STRIP = NO;
				DEBUG_INFORMATION_FORMAT = dwarf;
				ENABLE_STRICT_OBJC_MSGSEND = YES;
				ENABLE_TESTABILITY = YES;
				GCC_C_LANGUAGE_STANDARD = gnu99;
				GCC_DYNAMIC_NO_PIC = NO;
				GCC_NO_COMMON_BLOCKS = YES;
				GCC_OPTIMIZATION_LEVEL = 0;
				GCC_PREPROCESSOR_DEFINITIONS = (
					"DEBUG=1",
					"$(inherited)",
				);
				GCC_WARN_64_TO_32_BIT_CONVERSION = YES;
				GCC_WARN_ABOUT_RETURN_TYPE = YES_ERROR;
				GCC_WARN_UNDECLARED_SELECTOR = YES;
				GCC_WARN_UNINITIALIZED_AUTOS = YES_AGGRESSIVE;
				GCC_WARN_UNUSED_FUNCTION = YES;
				GCC_WARN_UNUSED_VARIABLE = YES;
				IPHONEOS_DEPLOYMENT_TARGET = 9.3;
				MTL_ENABLE_DEBUG_INFO = YES;
				ONLY_ACTIVE_ARCH = YES;
				SDKROOT = iphoneos;
			};
			name = Debug;
		};
		4B8D4FC51D45E3E9005BE82A /* Release */ = {
			isa = XCBuildConfiguration;
			buildSettings = {
				ALWAYS_SEARCH_USER_PATHS = NO;
				CLANG_ANALYZER_NONNULL = YES;
				CLANG_CXX_LANGUAGE_STANDARD = "gnu++0x";
				CLANG_CXX_LIBRARY = "libc++";
				CLANG_ENABLE_MODULES = YES;
				CLANG_ENABLE_OBJC_ARC = YES;
				CLANG_WARN_BOOL_CONVERSION = YES;
				CLANG_WARN_CONSTANT_CONVERSION = YES;
				CLANG_WARN_DIRECT_OBJC_ISA_USAGE = YES_ERROR;
				CLANG_WARN_EMPTY_BODY = YES;
				CLANG_WARN_ENUM_CONVERSION = YES;
				CLANG_WARN_INT_CONVERSION = YES;
				CLANG_WARN_OBJC_ROOT_CLASS = YES_ERROR;
				CLANG_WARN_UNREACHABLE_CODE = YES;
				CLANG_WARN__DUPLICATE_METHOD_MATCH = YES;
				"CODE_SIGN_IDENTITY[sdk=iphoneos*]" = "iPhone Developer";
				COPY_PHASE_STRIP = NO;
				DEBUG_INFORMATION_FORMAT = "dwarf-with-dsym";
				ENABLE_NS_ASSERTIONS = NO;
				ENABLE_STRICT_OBJC_MSGSEND = YES;
				GCC_C_LANGUAGE_STANDARD = gnu99;
				GCC_NO_COMMON_BLOCKS = YES;
				GCC_WARN_64_TO_32_BIT_CONVERSION = YES;
				GCC_WARN_ABOUT_RETURN_TYPE = YES_ERROR;
				GCC_WARN_UNDECLARED_SELECTOR = YES;
				GCC_WARN_UNINITIALIZED_AUTOS = YES_AGGRESSIVE;
				GCC_WARN_UNUSED_FUNCTION = YES;
				GCC_WARN_UNUSED_VARIABLE = YES;
				IPHONEOS_DEPLOYMENT_TARGET = 9.3;
				MTL_ENABLE_DEBUG_INFO = NO;
				SDKROOT = iphoneos;
				VALIDATE_PRODUCT = YES;
			};
			name = Release;
		};
		4B8D4FC71D45E3E9005BE82A /* Debug */ = {
			isa = XCBuildConfiguration;
			buildSettings = {
				GCC_PREPROCESSOR_DEFINITIONS = (
					"DEBUG=1",
					"$(inherited)",
					HAVE_PTHREAD,
				);
				HEADER_SEARCH_PATHS = "$(SRCROOT)/include";
				ONLY_ACTIVE_ARCH = YES;
				OTHER_LDFLAGS = "-ObjC";
				PRODUCT_NAME = "$(TARGET_NAME)";
				SKIP_INSTALL = YES;
				USER_HEADER_SEARCH_PATHS = "";
				VALID_ARCHS = "arm64 armv7 armv7s x86_64";
			};
			name = Debug;
		};
		4B8D4FC81D45E3E9005BE82A /* Release */ = {
			isa = XCBuildConfiguration;
			buildSettings = {
				GCC_PREPROCESSOR_DEFINITIONS = HAVE_PTHREAD;
				HEADER_SEARCH_PATHS = "$(SRCROOT)/include";
				OTHER_LDFLAGS = "-ObjC";
				PRODUCT_NAME = "$(TARGET_NAME)";
				SKIP_INSTALL = YES;
				USER_HEADER_SEARCH_PATHS = "";
				VALID_ARCHS = "arm64 armv7 armv7s x86_64";
			};
			name = Release;
		};
/* End XCBuildConfiguration section */

/* Begin XCConfigurationList section */
		4B28FB021FB3007B003E7693 /* Build configuration list for PBXNativeTarget "Test" */ = {
			isa = XCConfigurationList;
			buildConfigurations = (
				4B28FB031FB3007B003E7693 /* Debug */,
				4B28FB041FB3007B003E7693 /* Release */,
			);
			defaultConfigurationIsVisible = 0;
			defaultConfigurationName = Release;
		};
		4B8D4FB81D45E3E8005BE82A /* Build configuration list for PBXProject "ProtocolBuffer" */ = {
			isa = XCConfigurationList;
			buildConfigurations = (
				4B8D4FC41D45E3E9005BE82A /* Debug */,
				4B8D4FC51D45E3E9005BE82A /* Release */,
			);
			defaultConfigurationIsVisible = 0;
			defaultConfigurationName = Release;
		};
		4B8D4FC61D45E3E9005BE82A /* Build configuration list for PBXNativeTarget "ProtocolBuffer" */ = {
			isa = XCConfigurationList;
			buildConfigurations = (
				4B8D4FC71D45E3E9005BE82A /* Debug */,
				4B8D4FC81D45E3E9005BE82A /* Release */,
			);
			defaultConfigurationIsVisible = 0;
			defaultConfigurationName = Release;
		};
/* End XCConfigurationList section */
	};
	rootObject = 4B8D4FB51D45E3E8005BE82A /* Project object */;
}
